PODS:
  - CommonModule (1.0.0)
  - DataModule (1.0.0):
    - DomainModule
    - NetworkingModule
    - SwiftDate
  - DomainModule (1.0.0):
    - CommonModule
    - SwiftDate
  - HorizonCalendar (2.0.0)
  - NetworkingModule (1.0.0):
    - CommonModule
  - SwiftDate (7.0.0)
  - SwiftLint (0.54.0)
  - SwiftUI-SimpleToast (0.6.2)

DEPENDENCIES:
  - CommonModule (from `Modules/CommonModule`)
  - DataModule (from `Modules/DataModule`)
  - DomainModule (from `Modules/DomainModule`)
  - HorizonCalendar
  - NetworkingModule (from `Modules/NetworkingModule`)
  - SwiftDate
  - SwiftLint
  - SwiftUI-SimpleToast (from `https://github.com/sanzaru/SimpleToast.git`)

SPEC REPOS:
  trunk:
    - HorizonCalendar
    - SwiftDate
    - SwiftLint

EXTERNAL SOURCES:
  CommonModule:
    :path: Modules/CommonModule
  DataModule:
    :path: Modules/DataModule
  DomainModule:
    :path: Modules/DomainModule
    :testspec:
      - Tests
  NetworkingModule:
    :path: Modules/NetworkingModule
    :testspec:
      - Tests
  SwiftUI-SimpleToast:
    :git: https://github.com/sanzaru/SimpleToast.git

CHECKOUT OPTIONS:
  SwiftUI-SimpleToast:
    :commit: b7eb28e94f50f07145e5e73bc56938318874609c
    :git: https://github.com/sanzaru/SimpleToast.git

SPEC CHECKSUMS:
  CommonModule: b43f07412680fa4d300a4e55e4a5665859e6381f
  DataModule: 5044f32f2d914da9cd532a8f903847fdd4df9b16
  DomainModule: 8e48e15b93cb215e7b2b342de2c1b7af1b09c86a
  HorizonCalendar: 21e600058a8f4d407c79ef7848beda692c53a484
  NetworkingModule: 0bd6fbd9d6207a6f81f2db48e1f34fe7d35db722
  SwiftDate: bbc26e26fc8c0c33fbee8c140c5e8a68293a148a
  SwiftLint: c1de071d9d08c8aba837545f6254315bc900e211
  SwiftUI-SimpleToast: 34a7ede33ac00e1ab21cc114c041d68da5fbc6b3

PODFILE CHECKSUM: bf6ea9cd5402851107c6f71fee980d6e51a32555

COCOAPODS: 1.10.2
