PODS:
  - Common (1.0.0)
  - DataStore (1.0.0):
    - Common
    - Domain
    - Networking
  - Domain (1.0.0):
    - Common
  - Networking (1.0.0):
    - Common
  - SwiftLint (0.54.0)

DEPENDENCIES:
  - Common (from `Modules/Common`)
  - DataStore (from `Modules/DataStore`)
  - Domain (from `Modules/Domain`)
  - Networking (from `Modules/Networking`)
  - SwiftLint

SPEC REPOS:
  trunk:
    - SwiftLint

EXTERNAL SOURCES:
  Common:
    :path: Modules/Common
  DataStore:
    :path: Modules/DataStore
  Domain:
    :path: Modules/Domain
    :testspec:
      - Tests
  Networking:
    :path: Modules/Networking
    :testspec:
      - Tests

SPEC CHECKSUMS:
  Common: ef5da750126b1bc1e1934dcf9db42cd1e00b55d9
  DataStore: b6085ea852d903dfd7681eb8167a2f49e4ab95f6
  Domain: 697fc8b506cd974527d52e885220f0272fe8543c
  Networking: 820e3dafcbc6a7d0d6750eb6fd11d2939d44c659
  SwiftLint: c1de071d9d08c8aba837545f6254315bc900e211

PODFILE CHECKSUM: 3415eebd942c866c6c114fbfd3ebc8a52d6c10e1

COCOAPODS: 1.10.2
