PODS:
  - Common (1.0.0)
  - Data (1.0.0):
    - Common
    - Domain
    - Networking
  - Domain (1.0.0):
    - Common
  - Networking (1.0.0):
    - Common
  - Presentation (1.0.0):
    - Common
    - Domain
  - SwiftLint (0.54.0)

DEPENDENCIES:
  - Common (from `Modules/Common`)
  - Data (from `Modules/Data`)
  - Domain (from `Modules/Domain`)
  - Networking (from `Modules/Networking`)
  - Presentation (from `Modules/Presentation`)
  - SwiftLint

SPEC REPOS:
  trunk:
    - SwiftLint

EXTERNAL SOURCES:
  Common:
    :path: Modules/Common
  Data:
    :path: Modules/Data
  Domain:
    :path: Modules/Domain
    :testspec:
      - Tests
  Networking:
    :path: Modules/Networking
    :testspec:
      - Tests
  Presentation:
    :path: Modules/Presentation
    :testspec:
      - Tests

SPEC CHECKSUMS:
  Common: d7de799cabed21655d1e43fd443cb07fbb48c39a
  Data: ac57e1ae72a4ead86a6a4bc315a6b1f3332b4c10
  Domain: 7a4b216b7fe00eb1cec7e7c1afe49cd9faebf61b
  Networking: 604e2b9a24cfe6619336adf64ccca80de8a68198
  Presentation: 4a10d9f4d8e7cb591c44023a8afe0737d08aa735
  SwiftLint: c1de071d9d08c8aba837545f6254315bc900e211

PODFILE CHECKSUM: 414888d3e671ab75c4d8c488ea7f81bc5189eb7c

COCOAPODS: 1.10.2
