// !$*UTF8*$!
{
	archiveVersion = 1;
	classes = {
	};
	objectVersion = 56;
	objects = {

/* Begin PBXBuildFile section */
		C3352F352C7588AE009918AF /* DataModule.h in Headers */ = {isa = PBXBuildFile; fileRef = C3352F342C7588AE009918AF /* DataModule.h */; settings = {ATTRIBUTES = (Public, ); }; };
		C3352F432C758AB5009918AF /* DefaultTransCategoryRepository.swift in Sources */ = {isa = PBXBuildFile; fileRef = C3352F422C758AB5009918AF /* DefaultTransCategoryRepository.swift */; };
		C3352F4D2C758AD0009918AF /* TransCategoryStorage.swift in Sources */ = {isa = PBXBuildFile; fileRef = C3352F452C758AD0009918AF /* TransCategoryStorage.swift */; };
		C3352F4E2C758AD0009918AF /* TransCategory+Mapping.swift in Sources */ = {isa = PBXBuildFile; fileRef = C3352F462C758AD0009918AF /* TransCategory+Mapping.swift */; };
		C3352F4F2C758AD0009918AF /* TransCategoryCoreDataStorage.swift in Sources */ = {isa = PBXBuildFile; fileRef = C3352F472C758AD0009918AF /* TransCategoryCoreDataStorage.swift */; };
		C3352F502C758AD0009918AF /* CoreDataStack.swift in Sources */ = {isa = PBXBuildFile; fileRef = C3352F492C758AD0009918AF /* CoreDataStack.swift */; };
		C3352F542C758B6C009918AF /* ZMoneyModel.xcdatamodeld in Sources */ = {isa = PBXBuildFile; fileRef = C3352F522C758B6C009918AF /* ZMoneyModel.xcdatamodeld */; };
/* End PBXBuildFile section */

/* Begin PBXFileReference section */
		C3352F312C7588AE009918AF /* DataModule.framework */ = {isa = PBXFileReference; explicitFileType = wrapper.framework; includeInIndex = 0; path = DataModule.framework; sourceTree = BUILT_PRODUCTS_DIR; };
		C3352F342C7588AE009918AF /* DataModule.h */ = {isa = PBXFileReference; lastKnownFileType = sourcecode.c.h; path = DataModule.h; sourceTree = "<group>"; };
		C3352F422C758AB5009918AF /* DefaultTransCategoryRepository.swift */ = {isa = PBXFileReference; fileEncoding = 4; lastKnownFileType = sourcecode.swift; path = DefaultTransCategoryRepository.swift; sourceTree = "<group>"; };
		C3352F452C758AD0009918AF /* TransCategoryStorage.swift */ = {isa = PBXFileReference; fileEncoding = 4; lastKnownFileType = sourcecode.swift; path = TransCategoryStorage.swift; sourceTree = "<group>"; };
		C3352F462C758AD0009918AF /* TransCategory+Mapping.swift */ = {isa = PBXFileReference; fileEncoding = 4; lastKnownFileType = sourcecode.swift; path = "TransCategory+Mapping.swift"; sourceTree = "<group>"; };
		C3352F472C758AD0009918AF /* TransCategoryCoreDataStorage.swift */ = {isa = PBXFileReference; fileEncoding = 4; lastKnownFileType = sourcecode.swift; path = TransCategoryCoreDataStorage.swift; sourceTree = "<group>"; };
		C3352F492C758AD0009918AF /* CoreDataStack.swift */ = {isa = PBXFileReference; fileEncoding = 4; lastKnownFileType = sourcecode.swift; path = CoreDataStack.swift; sourceTree = "<group>"; };
		C3352F532C758B6C009918AF /* ZMoneyModel.xcdatamodel */ = {isa = PBXFileReference; lastKnownFileType = wrapper.xcdatamodel; path = ZMoneyModel.xcdatamodel; sourceTree = "<group>"; };
/* End PBXFileReference section */

/* Begin PBXFrameworksBuildPhase section */
		C3352F2E2C7588AE009918AF /* Frameworks */ = {
			isa = PBXFrameworksBuildPhase;
			buildActionMask = 2147483647;
			files = (
			);
			runOnlyForDeploymentPostprocessing = 0;
		};
/* End PBXFrameworksBuildPhase section */

/* Begin PBXGroup section */
		C3352F272C7588AE009918AF = {
			isa = PBXGroup;
			children = (
				C3352F332C7588AE009918AF /* DataModule */,
				C3352F322C7588AE009918AF /* Products */,
			);
			sourceTree = "<group>";
		};
		C3352F322C7588AE009918AF /* Products */ = {
			isa = PBXGroup;
			children = (
				C3352F312C7588AE009918AF /* DataModule.framework */,
			);
			name = Products;
			sourceTree = "<group>";
		};
		C3352F332C7588AE009918AF /* DataModule */ = {
			isa = PBXGroup;
			children = (
				C3352F342C7588AE009918AF /* DataModule.h */,
				C3352F3D2C7588E4009918AF /* Repositories */,
				C3352F3C2C7588E0009918AF /* Remote */,
				C3352F3B2C7588DB009918AF /* Local */,
			);
			path = DataModule;
			sourceTree = "<group>";
		};
		C3352F3B2C7588DB009918AF /* Local */ = {
			isa = PBXGroup;
			children = (
				C3352F482C758AD0009918AF /* CoreData */,
				C3352F442C758AD0009918AF /* TransCategoryStorage */,
			);
			path = Local;
			sourceTree = "<group>";
		};
		C3352F3C2C7588E0009918AF /* Remote */ = {
			isa = PBXGroup;
			children = (
			);
			path = Remote;
			sourceTree = "<group>";
		};
		C3352F3D2C7588E4009918AF /* Repositories */ = {
			isa = PBXGroup;
			children = (
				C3352F422C758AB5009918AF /* DefaultTransCategoryRepository.swift */,
			);
			path = Repositories;
			sourceTree = "<group>";
		};
		C3352F442C758AD0009918AF /* TransCategoryStorage */ = {
			isa = PBXGroup;
			children = (
				C3352F452C758AD0009918AF /* TransCategoryStorage.swift */,
				C3352F462C758AD0009918AF /* TransCategory+Mapping.swift */,
				C3352F472C758AD0009918AF /* TransCategoryCoreDataStorage.swift */,
			);
			path = TransCategoryStorage;
			sourceTree = "<group>";
		};
		C3352F482C758AD0009918AF /* CoreData */ = {
			isa = PBXGroup;
			children = (
				C3352F522C758B6C009918AF /* ZMoneyModel.xcdatamodeld */,
				C3352F492C758AD0009918AF /* CoreDataStack.swift */,
			);
			path = CoreData;
			sourceTree = "<group>";
		};
/* End PBXGroup section */

/* Begin PBXHeadersBuildPhase section */
		C3352F2C2C7588AE009918AF /* Headers */ = {
			isa = PBXHeadersBuildPhase;
			buildActionMask = 2147483647;
			files = (
				C3352F352C7588AE009918AF /* DataModule.h in Headers */,
			);
			runOnlyForDeploymentPostprocessing = 0;
		};
/* End PBXHeadersBuildPhase section */

/* Begin PBXNativeTarget section */
		C3352F302C7588AE009918AF /* DataModule */ = {
			isa = PBXNativeTarget;
			buildConfigurationList = C3352F382C7588AE009918AF /* Build configuration list for PBXNativeTarget "DataModule" */;
			buildPhases = (
				C3352F2C2C7588AE009918AF /* Headers */,
				C3352F2D2C7588AE009918AF /* Sources */,
				C3352F2E2C7588AE009918AF /* Frameworks */,
				C3352F2F2C7588AE009918AF /* Resources */,
			);
			buildRules = (
			);
			dependencies = (
			);
			name = DataModule;
			productName = DataModule;
			productReference = C3352F312C7588AE009918AF /* DataModule.framework */;
			productType = "com.apple.product-type.framework";
		};
/* End PBXNativeTarget section */

/* Begin PBXProject section */
		C3352F282C7588AE009918AF /* Project object */ = {
			isa = PBXProject;
			attributes = {
				BuildIndependentTargetsInParallel = 1;
				LastUpgradeCheck = 1520;
				TargetAttributes = {
					C3352F302C7588AE009918AF = {
						CreatedOnToolsVersion = 15.2;
						LastSwiftMigration = 1520;
					};
				};
			};
			buildConfigurationList = C3352F2B2C7588AE009918AF /* Build configuration list for PBXProject "DataModule" */;
			compatibilityVersion = "Xcode 14.0";
			developmentRegion = en;
			hasScannedForEncodings = 0;
			knownRegions = (
				en,
				Base,
			);
			mainGroup = C3352F272C7588AE009918AF;
			productRefGroup = C3352F322C7588AE009918AF /* Products */;
			projectDirPath = "";
			projectRoot = "";
			targets = (
				C3352F302C7588AE009918AF /* DataModule */,
			);
		};
/* End PBXProject section */

/* Begin PBXResourcesBuildPhase section */
		C3352F2F2C7588AE009918AF /* Resources */ = {
			isa = PBXResourcesBuildPhase;
			buildActionMask = 2147483647;
			files = (
			);
			runOnlyForDeploymentPostprocessing = 0;
		};
/* End PBXResourcesBuildPhase section */

/* Begin PBXSourcesBuildPhase section */
		C3352F2D2C7588AE009918AF /* Sources */ = {
			isa = PBXSourcesBuildPhase;
			buildActionMask = 2147483647;
			files = (
				C3352F4F2C758AD0009918AF /* TransCategoryCoreDataStorage.swift in Sources */,
				C3352F542C758B6C009918AF /* ZMoneyModel.xcdatamodeld in Sources */,
				C3352F4D2C758AD0009918AF /* TransCategoryStorage.swift in Sources */,
				C3352F432C758AB5009918AF /* DefaultTransCategoryRepository.swift in Sources */,
				C3352F502C758AD0009918AF /* CoreDataStack.swift in Sources */,
				C3352F4E2C758AD0009918AF /* TransCategory+Mapping.swift in Sources */,
			);
			runOnlyForDeploymentPostprocessing = 0;
		};
/* End PBXSourcesBuildPhase section */

/* Begin XCBuildConfiguration section */
		C3352F362C7588AE009918AF /* Debug */ = {
			isa = XCBuildConfiguration;
			buildSettings = {
				ALWAYS_SEARCH_USER_PATHS = NO;
				ASSETCATALOG_COMPILER_GENERATE_SWIFT_ASSET_SYMBOL_EXTENSIONS = YES;
				CLANG_ANALYZER_NONNULL = YES;
				CLANG_ANALYZER_NUMBER_OBJECT_CONVERSION = YES_AGGRESSIVE;
				CLANG_CXX_LANGUAGE_STANDARD = "gnu++20";
				CLANG_ENABLE_MODULES = YES;
				CLANG_ENABLE_OBJC_ARC = YES;
				CLANG_ENABLE_OBJC_WEAK = YES;
				CLANG_WARN_BLOCK_CAPTURE_AUTORELEASING = YES;
				CLANG_WARN_BOOL_CONVERSION = YES;
				CLANG_WARN_COMMA = YES;
				CLANG_WARN_CONSTANT_CONVERSION = YES;
				CLANG_WARN_DEPRECATED_OBJC_IMPLEMENTATIONS = YES;
				CLANG_WARN_DIRECT_OBJC_ISA_USAGE = YES_ERROR;
				CLANG_WARN_DOCUMENTATION_COMMENTS = YES;
				CLANG_WARN_EMPTY_BODY = YES;
				CLANG_WARN_ENUM_CONVERSION = YES;
				CLANG_WARN_INFINITE_RECURSION = YES;
				CLANG_WARN_INT_CONVERSION = YES;
				CLANG_WARN_NON_LITERAL_NULL_CONVERSION = YES;
				CLANG_WARN_OBJC_IMPLICIT_RETAIN_SELF = YES;
				CLANG_WARN_OBJC_LITERAL_CONVERSION = YES;
				CLANG_WARN_OBJC_ROOT_CLASS = YES_ERROR;
				CLANG_WARN_QUOTED_INCLUDE_IN_FRAMEWORK_HEADER = YES;
				CLANG_WARN_RANGE_LOOP_ANALYSIS = YES;
				CLANG_WARN_STRICT_PROTOTYPES = YES;
				CLANG_WARN_SUSPICIOUS_MOVE = YES;
				CLANG_WARN_UNGUARDED_AVAILABILITY = YES_AGGRESSIVE;
				CLANG_WARN_UNREACHABLE_CODE = YES;
				CLANG_WARN__DUPLICATE_METHOD_MATCH = YES;
				COPY_PHASE_STRIP = NO;
				CURRENT_PROJECT_VERSION = 1;
				DEBUG_INFORMATION_FORMAT = dwarf;
				ENABLE_STRICT_OBJC_MSGSEND = YES;
				ENABLE_TESTABILITY = YES;
				ENABLE_USER_SCRIPT_SANDBOXING = YES;
				GCC_C_LANGUAGE_STANDARD = gnu17;
				GCC_DYNAMIC_NO_PIC = NO;
				GCC_NO_COMMON_BLOCKS = YES;
				GCC_OPTIMIZATION_LEVEL = 0;
				GCC_PREPROCESSOR_DEFINITIONS = (
					"DEBUG=1",
					"$(inherited)",
				);
				GCC_WARN_64_TO_32_BIT_CONVERSION = YES;
				GCC_WARN_ABOUT_RETURN_TYPE = YES_ERROR;
				GCC_WARN_UNDECLARED_SELECTOR = YES;
				GCC_WARN_UNINITIALIZED_AUTOS = YES_AGGRESSIVE;
				GCC_WARN_UNUSED_FUNCTION = YES;
				GCC_WARN_UNUSED_VARIABLE = YES;
				IPHONEOS_DEPLOYMENT_TARGET = 17.2;
				LOCALIZATION_PREFERS_STRING_CATALOGS = YES;
				MTL_ENABLE_DEBUG_INFO = INCLUDE_SOURCE;
				MTL_FAST_MATH = YES;
				ONLY_ACTIVE_ARCH = YES;
				SDKROOT = iphoneos;
				SWIFT_ACTIVE_COMPILATION_CONDITIONS = "DEBUG $(inherited)";
				SWIFT_OPTIMIZATION_LEVEL = "-Onone";
				VERSIONING_SYSTEM = "apple-generic";
				VERSION_INFO_PREFIX = "";
			};
			name = Debug;
		};
		C3352F372C7588AE009918AF /* Release */ = {
			isa = XCBuildConfiguration;
			buildSettings = {
				ALWAYS_SEARCH_USER_PATHS = NO;
				ASSETCATALOG_COMPILER_GENERATE_SWIFT_ASSET_SYMBOL_EXTENSIONS = YES;
				CLANG_ANALYZER_NONNULL = YES;
				CLANG_ANALYZER_NUMBER_OBJECT_CONVERSION = YES_AGGRESSIVE;
				CLANG_CXX_LANGUAGE_STANDARD = "gnu++20";
				CLANG_ENABLE_MODULES = YES;
				CLANG_ENABLE_OBJC_ARC = YES;
				CLANG_ENABLE_OBJC_WEAK = YES;
				CLANG_WARN_BLOCK_CAPTURE_AUTORELEASING = YES;
				CLANG_WARN_BOOL_CONVERSION = YES;
				CLANG_WARN_COMMA = YES;
				CLANG_WARN_CONSTANT_CONVERSION = YES;
				CLANG_WARN_DEPRECATED_OBJC_IMPLEMENTATIONS = YES;
				CLANG_WARN_DIRECT_OBJC_ISA_USAGE = YES_ERROR;
				CLANG_WARN_DOCUMENTATION_COMMENTS = YES;
				CLANG_WARN_EMPTY_BODY = YES;
				CLANG_WARN_ENUM_CONVERSION = YES;
				CLANG_WARN_INFINITE_RECURSION = YES;
				CLANG_WARN_INT_CONVERSION = YES;
				CLANG_WARN_NON_LITERAL_NULL_CONVERSION = YES;
				CLANG_WARN_OBJC_IMPLICIT_RETAIN_SELF = YES;
				CLANG_WARN_OBJC_LITERAL_CONVERSION = YES;
				CLANG_WARN_OBJC_ROOT_CLASS = YES_ERROR;
				CLANG_WARN_QUOTED_INCLUDE_IN_FRAMEWORK_HEADER = YES;
				CLANG_WARN_RANGE_LOOP_ANALYSIS = YES;
				CLANG_WARN_STRICT_PROTOTYPES = YES;
				CLANG_WARN_SUSPICIOUS_MOVE = YES;
				CLANG_WARN_UNGUARDED_AVAILABILITY = YES_AGGRESSIVE;
				CLANG_WARN_UNREACHABLE_CODE = YES;
				CLANG_WARN__DUPLICATE_METHOD_MATCH = YES;
				COPY_PHASE_STRIP = NO;
				CURRENT_PROJECT_VERSION = 1;
				DEBUG_INFORMATION_FORMAT = "dwarf-with-dsym";
				ENABLE_NS_ASSERTIONS = NO;
				ENABLE_STRICT_OBJC_MSGSEND = YES;
				ENABLE_USER_SCRIPT_SANDBOXING = YES;
				GCC_C_LANGUAGE_STANDARD = gnu17;
				GCC_NO_COMMON_BLOCKS = YES;
				GCC_WARN_64_TO_32_BIT_CONVERSION = YES;
				GCC_WARN_ABOUT_RETURN_TYPE = YES_ERROR;
				GCC_WARN_UNDECLARED_SELECTOR = YES;
				GCC_WARN_UNINITIALIZED_AUTOS = YES_AGGRESSIVE;
				GCC_WARN_UNUSED_FUNCTION = YES;
				GCC_WARN_UNUSED_VARIABLE = YES;
				IPHONEOS_DEPLOYMENT_TARGET = 17.2;
				LOCALIZATION_PREFERS_STRING_CATALOGS = YES;
				MTL_ENABLE_DEBUG_INFO = NO;
				MTL_FAST_MATH = YES;
				SDKROOT = iphoneos;
				SWIFT_COMPILATION_MODE = wholemodule;
				VALIDATE_PRODUCT = YES;
				VERSIONING_SYSTEM = "apple-generic";
				VERSION_INFO_PREFIX = "";
			};
			name = Release;
		};
		C3352F392C7588AE009918AF /* Debug */ = {
			isa = XCBuildConfiguration;
			buildSettings = {
				CLANG_ENABLE_MODULES = YES;
				CODE_SIGN_STYLE = Automatic;
				CURRENT_PROJECT_VERSION = 1;
				DEFINES_MODULE = YES;
				DEVELOPMENT_TEAM = N388Z5FU9K;
				DYLIB_COMPATIBILITY_VERSION = 1;
				DYLIB_CURRENT_VERSION = 1;
				DYLIB_INSTALL_NAME_BASE = "@rpath";
				ENABLE_MODULE_VERIFIER = YES;
				GENERATE_INFOPLIST_FILE = YES;
				INFOPLIST_KEY_NSHumanReadableCopyright = "";
				INSTALL_PATH = "$(LOCAL_LIBRARY_DIR)/Frameworks";
				LD_RUNPATH_SEARCH_PATHS = (
					"$(inherited)",
					"@executable_path/Frameworks",
					"@loader_path/Frameworks",
				);
				MARKETING_VERSION = 1.0;
				MODULE_VERIFIER_SUPPORTED_LANGUAGES = "objective-c objective-c++";
				MODULE_VERIFIER_SUPPORTED_LANGUAGE_STANDARDS = "gnu17 gnu++20";
				PRODUCT_BUNDLE_IDENTIFIER = chienpm.zmoney.DataModule;
				PRODUCT_NAME = "$(TARGET_NAME:c99extidentifier)";
				SKIP_INSTALL = YES;
				SWIFT_EMIT_LOC_STRINGS = YES;
				SWIFT_OPTIMIZATION_LEVEL = "-Onone";
				SWIFT_VERSION = 5.0;
				TARGETED_DEVICE_FAMILY = "1,2";
			};
			name = Debug;
		};
		C3352F3A2C7588AE009918AF /* Release */ = {
			isa = XCBuildConfiguration;
			buildSettings = {
				CLANG_ENABLE_MODULES = YES;
				CODE_SIGN_STYLE = Automatic;
				CURRENT_PROJECT_VERSION = 1;
				DEFINES_MODULE = YES;
				DEVELOPMENT_TEAM = N388Z5FU9K;
				DYLIB_COMPATIBILITY_VERSION = 1;
				DYLIB_CURRENT_VERSION = 1;
				DYLIB_INSTALL_NAME_BASE = "@rpath";
				ENABLE_MODULE_VERIFIER = YES;
				GENERATE_INFOPLIST_FILE = YES;
				INFOPLIST_KEY_NSHumanReadableCopyright = "";
				INSTALL_PATH = "$(LOCAL_LIBRARY_DIR)/Frameworks";
				LD_RUNPATH_SEARCH_PATHS = (
					"$(inherited)",
					"@executable_path/Frameworks",
					"@loader_path/Frameworks",
				);
				MARKETING_VERSION = 1.0;
				MODULE_VERIFIER_SUPPORTED_LANGUAGES = "objective-c objective-c++";
				MODULE_VERIFIER_SUPPORTED_LANGUAGE_STANDARDS = "gnu17 gnu++20";
				PRODUCT_BUNDLE_IDENTIFIER = chienpm.zmoney.DataModule;
				PRODUCT_NAME = "$(TARGET_NAME:c99extidentifier)";
				SKIP_INSTALL = YES;
				SWIFT_EMIT_LOC_STRINGS = YES;
				SWIFT_VERSION = 5.0;
				TARGETED_DEVICE_FAMILY = "1,2";
			};
			name = Release;
		};
/* End XCBuildConfiguration section */

/* Begin XCConfigurationList section */
		C3352F2B2C7588AE009918AF /* Build configuration list for PBXProject "DataModule" */ = {
			isa = XCConfigurationList;
			buildConfigurations = (
				C3352F362C7588AE009918AF /* Debug */,
				C3352F372C7588AE009918AF /* Release */,
			);
			defaultConfigurationIsVisible = 0;
			defaultConfigurationName = Release;
		};
		C3352F382C7588AE009918AF /* Build configuration list for PBXNativeTarget "DataModule" */ = {
			isa = XCConfigurationList;
			buildConfigurations = (
				C3352F392C7588AE009918AF /* Debug */,
				C3352F3A2C7588AE009918AF /* Release */,
			);
			defaultConfigurationIsVisible = 0;
			defaultConfigurationName = Release;
		};
/* End XCConfigurationList section */

/* Begin XCVersionGroup section */
		C3352F522C758B6C009918AF /* ZMoneyModel.xcdatamodeld */ = {
			isa = XCVersionGroup;
			children = (
				C3352F532C758B6C009918AF /* ZMoneyModel.xcdatamodel */,
			);
			currentVersion = C3352F532C758B6C009918AF /* ZMoneyModel.xcdatamodel */;
			path = ZMoneyModel.xcdatamodeld;
			sourceTree = "<group>";
			versionGroupType = wrapper.xcdatamodel;
		};
/* End XCVersionGroup section */
	};
	rootObject = C3352F282C7588AE009918AF /* Project object */;
}
