// !$*UTF8*$!
{
	archiveVersion = 1;
	classes = {
	};
	objectVersion = 56;
	objects = {

/* Begin PBXBuildFile section */
		C30728DA2C73269B00C9674B /* AppDelegate.swift in Sources */ = {isa = PBXBuildFile; fileRef = C30728D92C73269B00C9674B /* AppDelegate.swift */; };
		C30728DC2C73269B00C9674B /* SceneDelegate.swift in Sources */ = {isa = PBXBuildFile; fileRef = C30728DB2C73269B00C9674B /* SceneDelegate.swift */; };
		C30728E32C73269C00C9674B /* Assets.xcassets in Resources */ = {isa = PBXBuildFile; fileRef = C30728E22C73269C00C9674B /* Assets.xcassets */; };
		C30728E62C73269C00C9674B /* LaunchScreen.storyboard in Resources */ = {isa = PBXBuildFile; fileRef = C30728E42C73269C00C9674B /* LaunchScreen.storyboard */; };
		C30729262C73914C00C9674B /* AppDIContainer.swift in Sources */ = {isa = PBXBuildFile; fileRef = C30729252C73914C00C9674B /* AppDIContainer.swift */; };
		C30729282C73918700C9674B /* AppConfiguration.swift in Sources */ = {isa = PBXBuildFile; fileRef = C30729272C73918700C9674B /* AppConfiguration.swift */; };
		C307292A2C7391FE00C9674B /* AppFlowCoordinator.swift in Sources */ = {isa = PBXBuildFile; fileRef = C30729292C7391FE00C9674B /* AppFlowCoordinator.swift */; };
		C307292C2C7392B000C9674B /* CategoriesSceneDIContainer.swift in Sources */ = {isa = PBXBuildFile; fileRef = C307292B2C7392B000C9674B /* CategoriesSceneDIContainer.swift */; };
		C3142B1E2C85727200788D0A /* MoneyText.swift in Sources */ = {isa = PBXBuildFile; fileRef = C3142B1D2C85727200788D0A /* MoneyText.swift */; };
		C3142B222C85906300788D0A /* SettingsView.swift in Sources */ = {isa = PBXBuildFile; fileRef = C3142B212C85906300788D0A /* SettingsView.swift */; };
		C3142B252C85968300788D0A /* SettingsFlowCoordinator.swift in Sources */ = {isa = PBXBuildFile; fileRef = C3142B242C85968300788D0A /* SettingsFlowCoordinator.swift */; };
		C3142B272C85972E00788D0A /* SettingsSceneDIContainer.swift in Sources */ = {isa = PBXBuildFile; fileRef = C3142B262C85972E00788D0A /* SettingsSceneDIContainer.swift */; };
		C3142B292C86090200788D0A /* TransactionsListDataModel.swift in Sources */ = {isa = PBXBuildFile; fileRef = C3142B282C86090200788D0A /* TransactionsListDataModel.swift */; };
		C3142B2E2C86FB5900788D0A /* TransactionDetailModel.swift in Sources */ = {isa = PBXBuildFile; fileRef = C3142B2D2C86FB5900788D0A /* TransactionDetailModel.swift */; };
		C3142B302C86FB9B00788D0A /* TransactionDetailViewModel.swift in Sources */ = {isa = PBXBuildFile; fileRef = C3142B2F2C86FB9B00788D0A /* TransactionDetailViewModel.swift */; };
		C3142B322C871E9E00788D0A /* CurrencyTextField.swift in Sources */ = {isa = PBXBuildFile; fileRef = C3142B312C871E9E00788D0A /* CurrencyTextField.swift */; };
		C3142B362C87643200788D0A /* FieldBackground.swift in Sources */ = {isa = PBXBuildFile; fileRef = C3142B352C87643200788D0A /* FieldBackground.swift */; };
		C3142B382C87677600788D0A /* CategoryPickerView.swift in Sources */ = {isa = PBXBuildFile; fileRef = C3142B372C87677600788D0A /* CategoryPickerView.swift */; };
		C316268C2C806B5800E55BFB /* TransactionsListFlowCoordinator.swift in Sources */ = {isa = PBXBuildFile; fileRef = C316268B2C806B5700E55BFB /* TransactionsListFlowCoordinator.swift */; };
		C316268E2C806C5600E55BFB /* TransactionsListViewModel.swift in Sources */ = {isa = PBXBuildFile; fileRef = C316268D2C806C5600E55BFB /* TransactionsListViewModel.swift */; };
		C31626902C806ED900E55BFB /* TransactionsListSceneDIContainer.swift in Sources */ = {isa = PBXBuildFile; fileRef = C316268F2C806ED900E55BFB /* TransactionsListSceneDIContainer.swift */; };
		C31626942C808F1200E55BFB /* TransactionsListView.swift in Sources */ = {isa = PBXBuildFile; fileRef = C31626932C808F1200E55BFB /* TransactionsListView.swift */; };
		C31626962C80BC9400E55BFB /* TransactionsListItemModel.swift in Sources */ = {isa = PBXBuildFile; fileRef = C31626952C80BC9400E55BFB /* TransactionsListItemModel.swift */; };
		C316269A2C80C7CC00E55BFB /* TransactionDetailView.swift in Sources */ = {isa = PBXBuildFile; fileRef = C31626992C80C7CC00E55BFB /* TransactionDetailView.swift */; };
		C31626A12C80D20000E55BFB /* DateRange.swift in Sources */ = {isa = PBXBuildFile; fileRef = C31626A02C80D20000E55BFB /* DateRange.swift */; };
		C343F3432C79B21700224D61 /* CategoryDetailViewModel.swift in Sources */ = {isa = PBXBuildFile; fileRef = C343F3422C79B21700224D61 /* CategoryDetailViewModel.swift */; };
		C3532FFA2C89F2A4008CAFC5 /* NavigationType.swift in Sources */ = {isa = PBXBuildFile; fileRef = C3532FF92C89F2A4008CAFC5 /* NavigationType.swift */; };
		C35AE4872C74ED1E00400DD7 /* CategoriesListView.swift in Sources */ = {isa = PBXBuildFile; fileRef = C35AE4862C74ED1E00400DD7 /* CategoriesListView.swift */; };
		C3636F312C89A41C003EC13E /* TransactionDetailFlowCoordinator.swift in Sources */ = {isa = PBXBuildFile; fileRef = C3636F302C89A41C003EC13E /* TransactionDetailFlowCoordinator.swift */; };
		C3636F332C89A7AE003EC13E /* TransactionDetailSceneDIContainer.swift in Sources */ = {isa = PBXBuildFile; fileRef = C3636F322C89A7AE003EC13E /* TransactionDetailSceneDIContainer.swift */; };
		C36F6AC82C7E1A7E006E1A86 /* ZCalendarView.swift in Sources */ = {isa = PBXBuildFile; fileRef = C36F6AC72C7E1A7E006E1A86 /* ZCalendarView.swift */; };
		C379AFCB2C82F0A300C181B2 /* MoneyColorModifer.swift in Sources */ = {isa = PBXBuildFile; fileRef = C379AFCA2C82F0A300C181B2 /* MoneyColorModifer.swift */; };
		C37E6BB42C7788EF003F34D9 /* CategoryTab.swift in Sources */ = {isa = PBXBuildFile; fileRef = C37E6BB32C7788EF003F34D9 /* CategoryTab.swift */; };
		C37E6BBF2C784CD0003F34D9 /* CategoryDetailView.swift in Sources */ = {isa = PBXBuildFile; fileRef = C37E6BBE2C784CD0003F34D9 /* CategoryDetailView.swift */; };
		C37E6BC22C784CFD003F34D9 /* CategoryDetailModel.swift in Sources */ = {isa = PBXBuildFile; fileRef = C37E6BC12C784CFD003F34D9 /* CategoryDetailModel.swift */; };
		C3AE5B6E2C76F12600865A54 /* CategoriesListViewModel.swift in Sources */ = {isa = PBXBuildFile; fileRef = C3AE5B6D2C76F12600865A54 /* CategoriesListViewModel.swift */; };
		C3AE5B702C76F3A200865A54 /* CategoriesListItemModel.swift in Sources */ = {isa = PBXBuildFile; fileRef = C3AE5B6F2C76F3A200865A54 /* CategoriesListItemModel.swift */; };
		C3AE5B762C770EBB00865A54 /* Color+Extensions.swift in Sources */ = {isa = PBXBuildFile; fileRef = C3AE5B752C770EBB00865A54 /* Color+Extensions.swift */; };
		C3C47B192C847B5100B134C4 /* Date+Extensions.swift in Sources */ = {isa = PBXBuildFile; fileRef = C3C47B182C847B5100B134C4 /* Date+Extensions.swift */; };
		C3C47B1D2C84B57E00B134C4 /* TabViewFlowCoordinator.swift in Sources */ = {isa = PBXBuildFile; fileRef = C3C47B1C2C84B57E00B134C4 /* TabViewFlowCoordinator.swift */; };
		C3C47B1F2C84B72600B134C4 /* TabViewType.swift in Sources */ = {isa = PBXBuildFile; fileRef = C3C47B1E2C84B72600B134C4 /* TabViewType.swift */; };
		C3C47B212C84BEE300B134C4 /* TabViewSceneDIContainer.swift in Sources */ = {isa = PBXBuildFile; fileRef = C3C47B202C84BEE300B134C4 /* TabViewSceneDIContainer.swift */; };
		C3E79D5B2C7A2DD1002DED34 /* CategoriesFlowCoordinator.swift in Sources */ = {isa = PBXBuildFile; fileRef = C3E79D5A2C7A2DD1002DED34 /* CategoriesFlowCoordinator.swift */; };
		C3E79D612C7A2DDE002DED34 /* RightArrowModifier.swift in Sources */ = {isa = PBXBuildFile; fileRef = C3E79D5D2C7A2DDE002DED34 /* RightArrowModifier.swift */; };
		C3E79D622C7A2DDE002DED34 /* IconResourceProvider.swift in Sources */ = {isa = PBXBuildFile; fileRef = C3E79D5F2C7A2DDE002DED34 /* IconResourceProvider.swift */; };
		C3E79D632C7A2DDE002DED34 /* IconPickerView.swift in Sources */ = {isa = PBXBuildFile; fileRef = C3E79D602C7A2DDE002DED34 /* IconPickerView.swift */; };
		C3EB8A642C82201D001FEA1D /* AppAppearance.swift in Sources */ = {isa = PBXBuildFile; fileRef = C3EB8A632C82201D001FEA1D /* AppAppearance.swift */; };
		C3F693B82C8C2F5E00BA9D54 /* HeaderDateView.swift in Sources */ = {isa = PBXBuildFile; fileRef = C3F693B72C8C2F5E00BA9D54 /* HeaderDateView.swift */; };
		C3F693BE2C8C302900BA9D54 /* AlertModifier.swift in Sources */ = {isa = PBXBuildFile; fileRef = C3F693BB2C8C302900BA9D54 /* AlertModifier.swift */; };
		C3F693BF2C8C302900BA9D54 /* AlertProvidable.swift in Sources */ = {isa = PBXBuildFile; fileRef = C3F693BC2C8C302900BA9D54 /* AlertProvidable.swift */; };
		C3F693C02C8C302900BA9D54 /* AlertData.swift in Sources */ = {isa = PBXBuildFile; fileRef = C3F693BD2C8C302900BA9D54 /* AlertData.swift */; };
		C3F693C52C8C486B00BA9D54 /* DMError+Localized.swift in Sources */ = {isa = PBXBuildFile; fileRef = C3F693C42C8C486B00BA9D54 /* DMError+Localized.swift */; };
		C3F693D92C8CA76600BA9D54 /* SettingsViewModel.swift in Sources */ = {isa = PBXBuildFile; fileRef = C3F693D82C8CA76600BA9D54 /* SettingsViewModel.swift */; };
		C3F693E42C8DEAC800BA9D54 /* Settings+Mapping.swift in Sources */ = {isa = PBXBuildFile; fileRef = C3F693E32C8DEAC800BA9D54 /* Settings+Mapping.swift */; };
		C3F693E72C8DEE0600BA9D54 /* Localizable.xcstrings in Resources */ = {isa = PBXBuildFile; fileRef = C3F693E62C8DEE0600BA9D54 /* Localizable.xcstrings */; };
		C51706D8304E868847A947DA /* Pods_ZMoney.framework in Frameworks */ = {isa = PBXBuildFile; fileRef = 139DC1D2EB0C97DF21D68110 /* Pods_ZMoney.framework */; };
/* End PBXBuildFile section */

/* Begin PBXFileReference section */
		139DC1D2EB0C97DF21D68110 /* Pods_ZMoney.framework */ = {isa = PBXFileReference; explicitFileType = wrapper.framework; includeInIndex = 0; path = Pods_ZMoney.framework; sourceTree = BUILT_PRODUCTS_DIR; };
		22244C9972D270861ED1F353 /* Pods-ZMoney.debug.xcconfig */ = {isa = PBXFileReference; includeInIndex = 1; lastKnownFileType = text.xcconfig; name = "Pods-ZMoney.debug.xcconfig"; path = "Target Support Files/Pods-ZMoney/Pods-ZMoney.debug.xcconfig"; sourceTree = "<group>"; };
		B6B2D6C74AD13202CE314209 /* Pods-ZMoney.release.xcconfig */ = {isa = PBXFileReference; includeInIndex = 1; lastKnownFileType = text.xcconfig; name = "Pods-ZMoney.release.xcconfig"; path = "Target Support Files/Pods-ZMoney/Pods-ZMoney.release.xcconfig"; sourceTree = "<group>"; };
		C30728D62C73269B00C9674B /* ZMoney.app */ = {isa = PBXFileReference; explicitFileType = wrapper.application; includeInIndex = 0; path = ZMoney.app; sourceTree = BUILT_PRODUCTS_DIR; };
		C30728D92C73269B00C9674B /* AppDelegate.swift */ = {isa = PBXFileReference; lastKnownFileType = sourcecode.swift; path = AppDelegate.swift; sourceTree = "<group>"; };
		C30728DB2C73269B00C9674B /* SceneDelegate.swift */ = {isa = PBXFileReference; lastKnownFileType = sourcecode.swift; path = SceneDelegate.swift; sourceTree = "<group>"; };
		C30728E22C73269C00C9674B /* Assets.xcassets */ = {isa = PBXFileReference; lastKnownFileType = folder.assetcatalog; path = Assets.xcassets; sourceTree = "<group>"; };
		C30728E52C73269C00C9674B /* Base */ = {isa = PBXFileReference; lastKnownFileType = file.storyboard; name = Base; path = Base.lproj/LaunchScreen.storyboard; sourceTree = "<group>"; };
		C30728E72C73269C00C9674B /* Info.plist */ = {isa = PBXFileReference; lastKnownFileType = text.plist.xml; path = Info.plist; sourceTree = "<group>"; };
		C30729252C73914C00C9674B /* AppDIContainer.swift */ = {isa = PBXFileReference; lastKnownFileType = sourcecode.swift; path = AppDIContainer.swift; sourceTree = "<group>"; };
		C30729272C73918700C9674B /* AppConfiguration.swift */ = {isa = PBXFileReference; lastKnownFileType = sourcecode.swift; path = AppConfiguration.swift; sourceTree = "<group>"; };
		C30729292C7391FE00C9674B /* AppFlowCoordinator.swift */ = {isa = PBXFileReference; lastKnownFileType = sourcecode.swift; path = AppFlowCoordinator.swift; sourceTree = "<group>"; };
		C307292B2C7392B000C9674B /* CategoriesSceneDIContainer.swift */ = {isa = PBXFileReference; lastKnownFileType = sourcecode.swift; path = CategoriesSceneDIContainer.swift; sourceTree = "<group>"; };
		C3142B1D2C85727200788D0A /* MoneyText.swift */ = {isa = PBXFileReference; lastKnownFileType = sourcecode.swift; path = MoneyText.swift; sourceTree = "<group>"; };
		C3142B212C85906300788D0A /* SettingsView.swift */ = {isa = PBXFileReference; lastKnownFileType = sourcecode.swift; path = SettingsView.swift; sourceTree = "<group>"; };
		C3142B242C85968300788D0A /* SettingsFlowCoordinator.swift */ = {isa = PBXFileReference; lastKnownFileType = sourcecode.swift; path = SettingsFlowCoordinator.swift; sourceTree = "<group>"; };
		C3142B262C85972E00788D0A /* SettingsSceneDIContainer.swift */ = {isa = PBXFileReference; lastKnownFileType = sourcecode.swift; path = SettingsSceneDIContainer.swift; sourceTree = "<group>"; };
		C3142B282C86090200788D0A /* TransactionsListDataModel.swift */ = {isa = PBXFileReference; lastKnownFileType = sourcecode.swift; path = TransactionsListDataModel.swift; sourceTree = "<group>"; };
		C3142B2D2C86FB5900788D0A /* TransactionDetailModel.swift */ = {isa = PBXFileReference; lastKnownFileType = sourcecode.swift; path = TransactionDetailModel.swift; sourceTree = "<group>"; };
		C3142B2F2C86FB9B00788D0A /* TransactionDetailViewModel.swift */ = {isa = PBXFileReference; lastKnownFileType = sourcecode.swift; path = TransactionDetailViewModel.swift; sourceTree = "<group>"; };
		C3142B312C871E9E00788D0A /* CurrencyTextField.swift */ = {isa = PBXFileReference; lastKnownFileType = sourcecode.swift; path = CurrencyTextField.swift; sourceTree = "<group>"; };
		C3142B352C87643200788D0A /* FieldBackground.swift */ = {isa = PBXFileReference; lastKnownFileType = sourcecode.swift; path = FieldBackground.swift; sourceTree = "<group>"; };
		C3142B372C87677600788D0A /* CategoryPickerView.swift */ = {isa = PBXFileReference; lastKnownFileType = sourcecode.swift; path = CategoryPickerView.swift; sourceTree = "<group>"; };
		C316268B2C806B5700E55BFB /* TransactionsListFlowCoordinator.swift */ = {isa = PBXFileReference; lastKnownFileType = sourcecode.swift; path = TransactionsListFlowCoordinator.swift; sourceTree = "<group>"; };
		C316268D2C806C5600E55BFB /* TransactionsListViewModel.swift */ = {isa = PBXFileReference; lastKnownFileType = sourcecode.swift; path = TransactionsListViewModel.swift; sourceTree = "<group>"; };
		C316268F2C806ED900E55BFB /* TransactionsListSceneDIContainer.swift */ = {isa = PBXFileReference; lastKnownFileType = sourcecode.swift; path = TransactionsListSceneDIContainer.swift; sourceTree = "<group>"; };
		C31626932C808F1200E55BFB /* TransactionsListView.swift */ = {isa = PBXFileReference; lastKnownFileType = sourcecode.swift; path = TransactionsListView.swift; sourceTree = "<group>"; };
		C31626952C80BC9400E55BFB /* TransactionsListItemModel.swift */ = {isa = PBXFileReference; lastKnownFileType = sourcecode.swift; path = TransactionsListItemModel.swift; sourceTree = "<group>"; };
		C31626992C80C7CC00E55BFB /* TransactionDetailView.swift */ = {isa = PBXFileReference; lastKnownFileType = sourcecode.swift; path = TransactionDetailView.swift; sourceTree = "<group>"; };
		C31626A02C80D20000E55BFB /* DateRange.swift */ = {isa = PBXFileReference; lastKnownFileType = sourcecode.swift; path = DateRange.swift; sourceTree = "<group>"; };
		C343F3422C79B21700224D61 /* CategoryDetailViewModel.swift */ = {isa = PBXFileReference; lastKnownFileType = sourcecode.swift; path = CategoryDetailViewModel.swift; sourceTree = "<group>"; };
		C3532FF92C89F2A4008CAFC5 /* NavigationType.swift */ = {isa = PBXFileReference; lastKnownFileType = sourcecode.swift; path = NavigationType.swift; sourceTree = "<group>"; };
		C35AE4862C74ED1E00400DD7 /* CategoriesListView.swift */ = {isa = PBXFileReference; fileEncoding = 4; lastKnownFileType = sourcecode.swift; path = CategoriesListView.swift; sourceTree = "<group>"; };
		C3636F302C89A41C003EC13E /* TransactionDetailFlowCoordinator.swift */ = {isa = PBXFileReference; lastKnownFileType = sourcecode.swift; path = TransactionDetailFlowCoordinator.swift; sourceTree = "<group>"; };
		C3636F322C89A7AE003EC13E /* TransactionDetailSceneDIContainer.swift */ = {isa = PBXFileReference; lastKnownFileType = sourcecode.swift; path = TransactionDetailSceneDIContainer.swift; sourceTree = "<group>"; };
		C36F6AC72C7E1A7E006E1A86 /* ZCalendarView.swift */ = {isa = PBXFileReference; lastKnownFileType = sourcecode.swift; path = ZCalendarView.swift; sourceTree = "<group>"; };
		C379AFCA2C82F0A300C181B2 /* MoneyColorModifer.swift */ = {isa = PBXFileReference; lastKnownFileType = sourcecode.swift; path = MoneyColorModifer.swift; sourceTree = "<group>"; };
		C37E6BB32C7788EF003F34D9 /* CategoryTab.swift */ = {isa = PBXFileReference; lastKnownFileType = sourcecode.swift; path = CategoryTab.swift; sourceTree = "<group>"; };
		C37E6BBE2C784CD0003F34D9 /* CategoryDetailView.swift */ = {isa = PBXFileReference; lastKnownFileType = sourcecode.swift; path = CategoryDetailView.swift; sourceTree = "<group>"; };
		C37E6BC12C784CFD003F34D9 /* CategoryDetailModel.swift */ = {isa = PBXFileReference; lastKnownFileType = sourcecode.swift; path = CategoryDetailModel.swift; sourceTree = "<group>"; };
		C3AE5B6D2C76F12600865A54 /* CategoriesListViewModel.swift */ = {isa = PBXFileReference; lastKnownFileType = sourcecode.swift; path = CategoriesListViewModel.swift; sourceTree = "<group>"; };
		C3AE5B6F2C76F3A200865A54 /* CategoriesListItemModel.swift */ = {isa = PBXFileReference; lastKnownFileType = sourcecode.swift; path = CategoriesListItemModel.swift; sourceTree = "<group>"; };
		C3AE5B752C770EBB00865A54 /* Color+Extensions.swift */ = {isa = PBXFileReference; lastKnownFileType = sourcecode.swift; path = "Color+Extensions.swift"; sourceTree = "<group>"; };
		C3C47B182C847B5100B134C4 /* Date+Extensions.swift */ = {isa = PBXFileReference; lastKnownFileType = sourcecode.swift; path = "Date+Extensions.swift"; sourceTree = "<group>"; };
		C3C47B1C2C84B57E00B134C4 /* TabViewFlowCoordinator.swift */ = {isa = PBXFileReference; lastKnownFileType = sourcecode.swift; path = TabViewFlowCoordinator.swift; sourceTree = "<group>"; };
		C3C47B1E2C84B72600B134C4 /* TabViewType.swift */ = {isa = PBXFileReference; lastKnownFileType = sourcecode.swift; path = TabViewType.swift; sourceTree = "<group>"; };
		C3C47B202C84BEE300B134C4 /* TabViewSceneDIContainer.swift */ = {isa = PBXFileReference; lastKnownFileType = sourcecode.swift; path = TabViewSceneDIContainer.swift; sourceTree = "<group>"; };
		C3E79D5A2C7A2DD1002DED34 /* CategoriesFlowCoordinator.swift */ = {isa = PBXFileReference; fileEncoding = 4; lastKnownFileType = sourcecode.swift; path = CategoriesFlowCoordinator.swift; sourceTree = "<group>"; };
		C3E79D5D2C7A2DDE002DED34 /* RightArrowModifier.swift */ = {isa = PBXFileReference; fileEncoding = 4; lastKnownFileType = sourcecode.swift; path = RightArrowModifier.swift; sourceTree = "<group>"; };
		C3E79D5F2C7A2DDE002DED34 /* IconResourceProvider.swift */ = {isa = PBXFileReference; fileEncoding = 4; lastKnownFileType = sourcecode.swift; path = IconResourceProvider.swift; sourceTree = "<group>"; };
		C3E79D602C7A2DDE002DED34 /* IconPickerView.swift */ = {isa = PBXFileReference; fileEncoding = 4; lastKnownFileType = sourcecode.swift; path = IconPickerView.swift; sourceTree = "<group>"; };
		C3EB8A632C82201D001FEA1D /* AppAppearance.swift */ = {isa = PBXFileReference; lastKnownFileType = sourcecode.swift; path = AppAppearance.swift; sourceTree = "<group>"; };
		C3F693B72C8C2F5E00BA9D54 /* HeaderDateView.swift */ = {isa = PBXFileReference; lastKnownFileType = sourcecode.swift; path = HeaderDateView.swift; sourceTree = "<group>"; };
		C3F693BB2C8C302900BA9D54 /* AlertModifier.swift */ = {isa = PBXFileReference; fileEncoding = 4; lastKnownFileType = sourcecode.swift; path = AlertModifier.swift; sourceTree = "<group>"; };
		C3F693BC2C8C302900BA9D54 /* AlertProvidable.swift */ = {isa = PBXFileReference; fileEncoding = 4; lastKnownFileType = sourcecode.swift; path = AlertProvidable.swift; sourceTree = "<group>"; };
		C3F693BD2C8C302900BA9D54 /* AlertData.swift */ = {isa = PBXFileReference; fileEncoding = 4; lastKnownFileType = sourcecode.swift; path = AlertData.swift; sourceTree = "<group>"; };
		C3F693C42C8C486B00BA9D54 /* DMError+Localized.swift */ = {isa = PBXFileReference; lastKnownFileType = sourcecode.swift; path = "DMError+Localized.swift"; sourceTree = "<group>"; };
		C3F693D82C8CA76600BA9D54 /* SettingsViewModel.swift */ = {isa = PBXFileReference; lastKnownFileType = sourcecode.swift; path = SettingsViewModel.swift; sourceTree = "<group>"; };
		C3F693E32C8DEAC800BA9D54 /* Settings+Mapping.swift */ = {isa = PBXFileReference; lastKnownFileType = sourcecode.swift; path = "Settings+Mapping.swift"; sourceTree = "<group>"; };
		C3F693E52C8DED5600BA9D54 /* vi */ = {isa = PBXFileReference; lastKnownFileType = text.plist.strings; name = vi; path = vi.lproj/LaunchScreen.strings; sourceTree = "<group>"; };
		C3F693E62C8DEE0600BA9D54 /* Localizable.xcstrings */ = {isa = PBXFileReference; lastKnownFileType = text.json.xcstrings; path = Localizable.xcstrings; sourceTree = "<group>"; };
/* End PBXFileReference section */

/* Begin PBXFrameworksBuildPhase section */
		C30728D32C73269B00C9674B /* Frameworks */ = {
			isa = PBXFrameworksBuildPhase;
			buildActionMask = 2147483647;
			files = (
				C51706D8304E868847A947DA /* Pods_ZMoney.framework in Frameworks */,
			);
			runOnlyForDeploymentPostprocessing = 0;
		};
/* End PBXFrameworksBuildPhase section */

/* Begin PBXGroup section */
		0B3F27797A40E5C843C487F6 /* Frameworks */ = {
			isa = PBXGroup;
			children = (
				139DC1D2EB0C97DF21D68110 /* Pods_ZMoney.framework */,
			);
			name = Frameworks;
			sourceTree = "<group>";
		};
		61E3953D5AE6F4221DCCF7A7 /* Pods */ = {
			isa = PBXGroup;
			children = (
				22244C9972D270861ED1F353 /* Pods-ZMoney.debug.xcconfig */,
				B6B2D6C74AD13202CE314209 /* Pods-ZMoney.release.xcconfig */,
			);
			path = Pods;
			sourceTree = "<group>";
		};
		C30728CD2C73269B00C9674B = {
			isa = PBXGroup;
			children = (
				C30728D82C73269B00C9674B /* ZMoney */,
				C30728D72C73269B00C9674B /* Products */,
				61E3953D5AE6F4221DCCF7A7 /* Pods */,
				0B3F27797A40E5C843C487F6 /* Frameworks */,
			);
			sourceTree = "<group>";
		};
		C30728D72C73269B00C9674B /* Products */ = {
			isa = PBXGroup;
			children = (
				C30728D62C73269B00C9674B /* ZMoney.app */,
			);
			name = Products;
			sourceTree = "<group>";
		};
		C30728D82C73269B00C9674B /* ZMoney */ = {
			isa = PBXGroup;
			children = (
				C30728EE2C7330CE00C9674B /* Application */,
				C30728EF2C7330E500C9674B /* Resources */,
				C391528D2C74AECD008AE1E4 /* Presentation */,
			);
			path = ZMoney;
			sourceTree = "<group>";
		};
		C30728EE2C7330CE00C9674B /* Application */ = {
			isa = PBXGroup;
			children = (
				C30729242C73913B00C9674B /* DIContainer */,
				C30728D92C73269B00C9674B /* AppDelegate.swift */,
				C3EB8A632C82201D001FEA1D /* AppAppearance.swift */,
				C30728DB2C73269B00C9674B /* SceneDelegate.swift */,
				C30729272C73918700C9674B /* AppConfiguration.swift */,
				C30729292C7391FE00C9674B /* AppFlowCoordinator.swift */,
			);
			path = Application;
			sourceTree = "<group>";
		};
		C30728EF2C7330E500C9674B /* Resources */ = {
			isa = PBXGroup;
			children = (
				C30728E72C73269C00C9674B /* Info.plist */,
				C30728E22C73269C00C9674B /* Assets.xcassets */,
				C30728E42C73269C00C9674B /* LaunchScreen.storyboard */,
				C3F693E62C8DEE0600BA9D54 /* Localizable.xcstrings */,
			);
			path = Resources;
			sourceTree = "<group>";
		};
		C30729242C73913B00C9674B /* DIContainer */ = {
			isa = PBXGroup;
			children = (
				C30729252C73914C00C9674B /* AppDIContainer.swift */,
				C3636F322C89A7AE003EC13E /* TransactionDetailSceneDIContainer.swift */,
				C307292B2C7392B000C9674B /* CategoriesSceneDIContainer.swift */,
				C316268F2C806ED900E55BFB /* TransactionsListSceneDIContainer.swift */,
				C3142B262C85972E00788D0A /* SettingsSceneDIContainer.swift */,
				C3C47B202C84BEE300B134C4 /* TabViewSceneDIContainer.swift */,
			);
			path = DIContainer;
			sourceTree = "<group>";
		};
		C3142B1F2C85904B00788D0A /* AppSettings */ = {
			isa = PBXGroup;
			children = (
				C3F693D72C8CA76100BA9D54 /* ViewModel */,
				C3142B232C85967C00788D0A /* Coordinator */,
				C3142B202C85905300788D0A /* View */,
			);
			path = AppSettings;
			sourceTree = "<group>";
		};
		C3142B202C85905300788D0A /* View */ = {
			isa = PBXGroup;
			children = (
				C3142B212C85906300788D0A /* SettingsView.swift */,
			);
			path = View;
			sourceTree = "<group>";
		};
		C3142B232C85967C00788D0A /* Coordinator */ = {
			isa = PBXGroup;
			children = (
				C3142B242C85968300788D0A /* SettingsFlowCoordinator.swift */,
			);
			path = Coordinator;
			sourceTree = "<group>";
		};
		C3142B2A2C86FB1800788D0A /* ViewModel */ = {
			isa = PBXGroup;
			children = (
				C3142B2F2C86FB9B00788D0A /* TransactionDetailViewModel.swift */,
			);
			path = ViewModel;
			sourceTree = "<group>";
		};
		C3142B2B2C86FB3500788D0A /* View */ = {
			isa = PBXGroup;
			children = (
				C31626992C80C7CC00E55BFB /* TransactionDetailView.swift */,
				C3142B372C87677600788D0A /* CategoryPickerView.swift */,
			);
			path = View;
			sourceTree = "<group>";
		};
		C3142B2C2C86FB3C00788D0A /* Model */ = {
			isa = PBXGroup;
			children = (
				C3142B2D2C86FB5900788D0A /* TransactionDetailModel.swift */,
			);
			path = Model;
			sourceTree = "<group>";
		};
		C31626862C806AC400E55BFB /* TransactionsList */ = {
			isa = PBXGroup;
			children = (
				C31626872C806AD600E55BFB /* Model */,
				C31626882C806ADB00E55BFB /* View */,
				C31626892C806AE200E55BFB /* ViewModel */,
				C316268A2C806AE900E55BFB /* Coordinator */,
			);
			path = TransactionsList;
			sourceTree = "<group>";
		};
		C31626872C806AD600E55BFB /* Model */ = {
			isa = PBXGroup;
			children = (
				C31626952C80BC9400E55BFB /* TransactionsListItemModel.swift */,
				C3142B282C86090200788D0A /* TransactionsListDataModel.swift */,
			);
			path = Model;
			sourceTree = "<group>";
		};
		C31626882C806ADB00E55BFB /* View */ = {
			isa = PBXGroup;
			children = (
				C31626932C808F1200E55BFB /* TransactionsListView.swift */,
			);
			path = View;
			sourceTree = "<group>";
		};
		C31626892C806AE200E55BFB /* ViewModel */ = {
			isa = PBXGroup;
			children = (
				C316268D2C806C5600E55BFB /* TransactionsListViewModel.swift */,
			);
			path = ViewModel;
			sourceTree = "<group>";
		};
		C316268A2C806AE900E55BFB /* Coordinator */ = {
			isa = PBXGroup;
			children = (
				C316268B2C806B5700E55BFB /* TransactionsListFlowCoordinator.swift */,
			);
			path = Coordinator;
			sourceTree = "<group>";
		};
		C31626982C80C7BE00E55BFB /* TransactionDetail */ = {
			isa = PBXGroup;
			children = (
				C3636F2F2C89A406003EC13E /* Coordinator */,
				C3142B2C2C86FB3C00788D0A /* Model */,
				C3142B2B2C86FB3500788D0A /* View */,
				C3142B2A2C86FB1800788D0A /* ViewModel */,
			);
			path = TransactionDetail;
			sourceTree = "<group>";
		};
		C35AE4852C74ED1E00400DD7 /* CategoriesList */ = {
			isa = PBXGroup;
			children = (
				C37E6BBA2C78491E003F34D9 /* Model */,
				C37E6BB82C7848E6003F34D9 /* View */,
				C37E6BB92C7848EA003F34D9 /* ViewModel */,
				C37E6BBB2C78492D003F34D9 /* Coordinator */,
			);
			path = CategoriesList;
			sourceTree = "<group>";
		};
		C3636F2F2C89A406003EC13E /* Coordinator */ = {
			isa = PBXGroup;
			children = (
				C3636F302C89A41C003EC13E /* TransactionDetailFlowCoordinator.swift */,
			);
			path = Coordinator;
			sourceTree = "<group>";
		};
		C36F6AC62C7E1A68006E1A86 /* Calendar */ = {
			isa = PBXGroup;
			children = (
				C36F6AC72C7E1A7E006E1A86 /* ZCalendarView.swift */,
				C31626A02C80D20000E55BFB /* DateRange.swift */,
				C3F693B72C8C2F5E00BA9D54 /* HeaderDateView.swift */,
			);
			path = Calendar;
			sourceTree = "<group>";
		};
		C37E6BB82C7848E6003F34D9 /* View */ = {
			isa = PBXGroup;
			children = (
				C35AE4862C74ED1E00400DD7 /* CategoriesListView.swift */,
			);
			path = View;
			sourceTree = "<group>";
		};
		C37E6BB92C7848EA003F34D9 /* ViewModel */ = {
			isa = PBXGroup;
			children = (
				C3AE5B6D2C76F12600865A54 /* CategoriesListViewModel.swift */,
			);
			path = ViewModel;
			sourceTree = "<group>";
		};
		C37E6BBA2C78491E003F34D9 /* Model */ = {
			isa = PBXGroup;
			children = (
				C3AE5B6F2C76F3A200865A54 /* CategoriesListItemModel.swift */,
				C37E6BB32C7788EF003F34D9 /* CategoryTab.swift */,
			);
			path = Model;
			sourceTree = "<group>";
		};
		C37E6BBB2C78492D003F34D9 /* Coordinator */ = {
			isa = PBXGroup;
			children = (
				C3E79D5A2C7A2DD1002DED34 /* CategoriesFlowCoordinator.swift */,
			);
			path = Coordinator;
			sourceTree = "<group>";
		};
		C37E6BBC2C784CB8003F34D9 /* CategoryDetail */ = {
			isa = PBXGroup;
			children = (
				C37E6BC02C784CEF003F34D9 /* Model */,
				C37E6BBD2C784CC8003F34D9 /* View */,
				C37E6BC32C784D08003F34D9 /* ViewModel */,
			);
			path = CategoryDetail;
			sourceTree = "<group>";
		};
		C37E6BBD2C784CC8003F34D9 /* View */ = {
			isa = PBXGroup;
			children = (
				C37E6BBE2C784CD0003F34D9 /* CategoryDetailView.swift */,
			);
			path = View;
			sourceTree = "<group>";
		};
		C37E6BC02C784CEF003F34D9 /* Model */ = {
			isa = PBXGroup;
			children = (
				C37E6BC12C784CFD003F34D9 /* CategoryDetailModel.swift */,
			);
			path = Model;
			sourceTree = "<group>";
		};
		C37E6BC32C784D08003F34D9 /* ViewModel */ = {
			isa = PBXGroup;
			children = (
				C343F3422C79B21700224D61 /* CategoryDetailViewModel.swift */,
			);
			path = ViewModel;
			sourceTree = "<group>";
		};
		C391528D2C74AECD008AE1E4 /* Presentation */ = {
			isa = PBXGroup;
			children = (
				C3142B1F2C85904B00788D0A /* AppSettings */,
				C3C47B1A2C84B55000B134C4 /* TabView */,
				C3E79D5C2C7A2DDE002DED34 /* Shared */,
				C3AE5B742C770EA600865A54 /* Extensions */,
				C31626982C80C7BE00E55BFB /* TransactionDetail */,
				C31626862C806AC400E55BFB /* TransactionsList */,
				C37E6BBC2C784CB8003F34D9 /* CategoryDetail */,
				C35AE4852C74ED1E00400DD7 /* CategoriesList */,
			);
			path = Presentation;
			sourceTree = "<group>";
		};
		C3AE5B742C770EA600865A54 /* Extensions */ = {
			isa = PBXGroup;
			children = (
				C3AE5B752C770EBB00865A54 /* Color+Extensions.swift */,
				C3C47B182C847B5100B134C4 /* Date+Extensions.swift */,
			);
			path = Extensions;
			sourceTree = "<group>";
		};
		C3C47B1A2C84B55000B134C4 /* TabView */ = {
			isa = PBXGroup;
			children = (
				C3C47B1B2C84B56600B134C4 /* Coordinator */,
			);
			path = TabView;
			sourceTree = "<group>";
		};
		C3C47B1B2C84B56600B134C4 /* Coordinator */ = {
			isa = PBXGroup;
			children = (
				C3C47B1C2C84B57E00B134C4 /* TabViewFlowCoordinator.swift */,
				C3C47B1E2C84B72600B134C4 /* TabViewType.swift */,
			);
			path = Coordinator;
			sourceTree = "<group>";
		};
		C3E79D5C2C7A2DDE002DED34 /* Shared */ = {
			isa = PBXGroup;
			children = (
				C3F693BA2C8C302900BA9D54 /* Alerts */,
				C36F6AC62C7E1A68006E1A86 /* Calendar */,
				C3E79D652C7A2E7B002DED34 /* Modifiers */,
				C3E79D5E2C7A2DDE002DED34 /* Icons */,
				C3142B1D2C85727200788D0A /* MoneyText.swift */,
				C3142B312C871E9E00788D0A /* CurrencyTextField.swift */,
				C3532FF92C89F2A4008CAFC5 /* NavigationType.swift */,
			);
			path = Shared;
			sourceTree = "<group>";
		};
		C3E79D5E2C7A2DDE002DED34 /* Icons */ = {
			isa = PBXGroup;
			children = (
				C3E79D5F2C7A2DDE002DED34 /* IconResourceProvider.swift */,
				C3E79D602C7A2DDE002DED34 /* IconPickerView.swift */,
			);
			path = Icons;
			sourceTree = "<group>";
		};
		C3E79D652C7A2E7B002DED34 /* Modifiers */ = {
			isa = PBXGroup;
			children = (
				C3E79D5D2C7A2DDE002DED34 /* RightArrowModifier.swift */,
				C379AFCA2C82F0A300C181B2 /* MoneyColorModifer.swift */,
				C3142B352C87643200788D0A /* FieldBackground.swift */,
			);
			path = Modifiers;
			sourceTree = "<group>";
		};
		C3F693BA2C8C302900BA9D54 /* Alerts */ = {
			isa = PBXGroup;
			children = (
				C3F693BB2C8C302900BA9D54 /* AlertModifier.swift */,
				C3F693BC2C8C302900BA9D54 /* AlertProvidable.swift */,
				C3F693BD2C8C302900BA9D54 /* AlertData.swift */,
				C3F693C42C8C486B00BA9D54 /* DMError+Localized.swift */,
			);
			path = Alerts;
			sourceTree = "<group>";
		};
		C3F693D72C8CA76100BA9D54 /* ViewModel */ = {
			isa = PBXGroup;
			children = (
				C3F693D82C8CA76600BA9D54 /* SettingsViewModel.swift */,
				C3F693E32C8DEAC800BA9D54 /* Settings+Mapping.swift */,
			);
			path = ViewModel;
			sourceTree = "<group>";
		};
/* End PBXGroup section */

/* Begin PBXNativeTarget section */
		C30728D52C73269B00C9674B /* ZMoney */ = {
			isa = PBXNativeTarget;
			buildConfigurationList = C30728EA2C73269C00C9674B /* Build configuration list for PBXNativeTarget "ZMoney" */;
			buildPhases = (
				55368F32BEF828B0E41C6FCC /* [CP] Check Pods Manifest.lock */,
				C30728D22C73269B00C9674B /* Sources */,
				C30728D32C73269B00C9674B /* Frameworks */,
				C30728D42C73269B00C9674B /* Resources */,
				C30728ED2C732EB900C9674B /* Run Script */,
				BA946D5B4A1EA5F906B0954C /* [CP] Embed Pods Frameworks */,
			);
			buildRules = (
			);
			dependencies = (
			);
			name = ZMoney;
			packageProductDependencies = (
			);
			productName = ZMoney;
			productReference = C30728D62C73269B00C9674B /* ZMoney.app */;
			productType = "com.apple.product-type.application";
		};
/* End PBXNativeTarget section */

/* Begin PBXProject section */
		C30728CE2C73269B00C9674B /* Project object */ = {
			isa = PBXProject;
			attributes = {
				BuildIndependentTargetsInParallel = 1;
				LastSwiftUpdateCheck = 1520;
				LastUpgradeCheck = 1520;
				TargetAttributes = {
					C30728D52C73269B00C9674B = {
						CreatedOnToolsVersion = 15.2;
					};
				};
			};
			buildConfigurationList = C30728D12C73269B00C9674B /* Build configuration list for PBXProject "ZMoney" */;
			compatibilityVersion = "Xcode 14.0";
			developmentRegion = en;
			hasScannedForEncodings = 0;
			knownRegions = (
				en,
				Base,
				vi,
			);
			mainGroup = C30728CD2C73269B00C9674B;
			packageReferences = (
			);
			productRefGroup = C30728D72C73269B00C9674B /* Products */;
			projectDirPath = "";
			projectRoot = "";
			targets = (
				C30728D52C73269B00C9674B /* ZMoney */,
			);
		};
/* End PBXProject section */

/* Begin PBXResourcesBuildPhase section */
		C30728D42C73269B00C9674B /* Resources */ = {
			isa = PBXResourcesBuildPhase;
			buildActionMask = 2147483647;
			files = (
				C30728E62C73269C00C9674B /* LaunchScreen.storyboard in Resources */,
				C30728E32C73269C00C9674B /* Assets.xcassets in Resources */,
				C3F693E72C8DEE0600BA9D54 /* Localizable.xcstrings in Resources */,
			);
			runOnlyForDeploymentPostprocessing = 0;
		};
/* End PBXResourcesBuildPhase section */

/* Begin PBXShellScriptBuildPhase section */
		55368F32BEF828B0E41C6FCC /* [CP] Check Pods Manifest.lock */ = {
			isa = PBXShellScriptBuildPhase;
			buildActionMask = 2147483647;
			files = (
			);
			inputFileListPaths = (
			);
			inputPaths = (
				"${PODS_PODFILE_DIR_PATH}/Podfile.lock",
				"${PODS_ROOT}/Manifest.lock",
			);
			name = "[CP] Check Pods Manifest.lock";
			outputFileListPaths = (
			);
			outputPaths = (
				"$(DERIVED_FILE_DIR)/Pods-ZMoney-checkManifestLockResult.txt",
			);
			runOnlyForDeploymentPostprocessing = 0;
			shellPath = /bin/sh;
			shellScript = "diff \"${PODS_PODFILE_DIR_PATH}/Podfile.lock\" \"${PODS_ROOT}/Manifest.lock\" > /dev/null\nif [ $? != 0 ] ; then\n    # print error to STDERR\n    echo \"error: The sandbox is not in sync with the Podfile.lock. Run 'pod install' or update your CocoaPods installation.\" >&2\n    exit 1\nfi\n# This output is used by Xcode 'outputs' to avoid re-running this script phase.\necho \"SUCCESS\" > \"${SCRIPT_OUTPUT_FILE_0}\"\n";
			showEnvVarsInLog = 0;
		};
		BA946D5B4A1EA5F906B0954C /* [CP] Embed Pods Frameworks */ = {
			isa = PBXShellScriptBuildPhase;
			buildActionMask = 2147483647;
			files = (
			);
			inputFileListPaths = (
				"${PODS_ROOT}/Target Support Files/Pods-ZMoney/Pods-ZMoney-frameworks-${CONFIGURATION}-input-files.xcfilelist",
			);
			name = "[CP] Embed Pods Frameworks";
			outputFileListPaths = (
				"${PODS_ROOT}/Target Support Files/Pods-ZMoney/Pods-ZMoney-frameworks-${CONFIGURATION}-output-files.xcfilelist",
			);
			runOnlyForDeploymentPostprocessing = 0;
			shellPath = /bin/sh;
			shellScript = "\"${PODS_ROOT}/Target Support Files/Pods-ZMoney/Pods-ZMoney-frameworks.sh\"\n";
			showEnvVarsInLog = 0;
		};
		C30728ED2C732EB900C9674B /* Run Script */ = {
			isa = PBXShellScriptBuildPhase;
			buildActionMask = 2147483647;
			files = (
			);
			inputFileListPaths = (
			);
			inputPaths = (
			);
			name = "Run Script";
			outputFileListPaths = (
			);
			outputPaths = (
			);
			runOnlyForDeploymentPostprocessing = 0;
			shellPath = /bin/sh;
			shellScript = "if [[ \"$(uname -m)\" == arm64 ]]; then\n    export PATH=\"/opt/homebrew/bin:$PATH\"\nfi\n\nif which swiftlint > /dev/null; then\n  swiftlint\nelse\n  echo \"warning: SwiftLint not installed, download from https://github.com/realm/SwiftLint\"\nfi\n";
		};
/* End PBXShellScriptBuildPhase section */

/* Begin PBXSourcesBuildPhase section */
		C30728D22C73269B00C9674B /* Sources */ = {
			isa = PBXSourcesBuildPhase;
			buildActionMask = 2147483647;
			files = (
				C37E6BC22C784CFD003F34D9 /* CategoryDetailModel.swift in Sources */,
				C3636F332C89A7AE003EC13E /* TransactionDetailSceneDIContainer.swift in Sources */,
				C316268C2C806B5800E55BFB /* TransactionsListFlowCoordinator.swift in Sources */,
				C3142B1E2C85727200788D0A /* MoneyText.swift in Sources */,
				C30729262C73914C00C9674B /* AppDIContainer.swift in Sources */,
				C3F693C52C8C486B00BA9D54 /* DMError+Localized.swift in Sources */,
				C3EB8A642C82201D001FEA1D /* AppAppearance.swift in Sources */,
				C3F693B82C8C2F5E00BA9D54 /* HeaderDateView.swift in Sources */,
				C31626942C808F1200E55BFB /* TransactionsListView.swift in Sources */,
				C3C47B1F2C84B72600B134C4 /* TabViewType.swift in Sources */,
				C30729282C73918700C9674B /* AppConfiguration.swift in Sources */,
				C3AE5B6E2C76F12600865A54 /* CategoriesListViewModel.swift in Sources */,
				C3C47B212C84BEE300B134C4 /* TabViewSceneDIContainer.swift in Sources */,
				C3AE5B702C76F3A200865A54 /* CategoriesListItemModel.swift in Sources */,
				C3E79D632C7A2DDE002DED34 /* IconPickerView.swift in Sources */,
				C3142B292C86090200788D0A /* TransactionsListDataModel.swift in Sources */,
				C3E79D5B2C7A2DD1002DED34 /* CategoriesFlowCoordinator.swift in Sources */,
				C31626902C806ED900E55BFB /* TransactionsListSceneDIContainer.swift in Sources */,
				C379AFCB2C82F0A300C181B2 /* MoneyColorModifer.swift in Sources */,
				C316268E2C806C5600E55BFB /* TransactionsListViewModel.swift in Sources */,
				C35AE4872C74ED1E00400DD7 /* CategoriesListView.swift in Sources */,
				C3E79D622C7A2DDE002DED34 /* IconResourceProvider.swift in Sources */,
				C3142B302C86FB9B00788D0A /* TransactionDetailViewModel.swift in Sources */,
				C36F6AC82C7E1A7E006E1A86 /* ZCalendarView.swift in Sources */,
				C343F3432C79B21700224D61 /* CategoryDetailViewModel.swift in Sources */,
				C3F693E42C8DEAC800BA9D54 /* Settings+Mapping.swift in Sources */,
				C307292C2C7392B000C9674B /* CategoriesSceneDIContainer.swift in Sources */,
				C30728DA2C73269B00C9674B /* AppDelegate.swift in Sources */,
				C307292A2C7391FE00C9674B /* AppFlowCoordinator.swift in Sources */,
				C3F693BF2C8C302900BA9D54 /* AlertProvidable.swift in Sources */,
				C3E79D612C7A2DDE002DED34 /* RightArrowModifier.swift in Sources */,
				C3C47B1D2C84B57E00B134C4 /* TabViewFlowCoordinator.swift in Sources */,
				C3F693C02C8C302900BA9D54 /* AlertData.swift in Sources */,
				C316269A2C80C7CC00E55BFB /* TransactionDetailView.swift in Sources */,
				C30728DC2C73269B00C9674B /* SceneDelegate.swift in Sources */,
				C31626A12C80D20000E55BFB /* DateRange.swift in Sources */,
				C3142B2E2C86FB5900788D0A /* TransactionDetailModel.swift in Sources */,
				C3142B252C85968300788D0A /* SettingsFlowCoordinator.swift in Sources */,
				C3F693D92C8CA76600BA9D54 /* SettingsViewModel.swift in Sources */,
				C3142B362C87643200788D0A /* FieldBackground.swift in Sources */,
				C3F693BE2C8C302900BA9D54 /* AlertModifier.swift in Sources */,
				C3C47B192C847B5100B134C4 /* Date+Extensions.swift in Sources */,
				C3532FFA2C89F2A4008CAFC5 /* NavigationType.swift in Sources */,
				C37E6BBF2C784CD0003F34D9 /* CategoryDetailView.swift in Sources */,
				C3636F312C89A41C003EC13E /* TransactionDetailFlowCoordinator.swift in Sources */,
				C3AE5B762C770EBB00865A54 /* Color+Extensions.swift in Sources */,
				C3142B272C85972E00788D0A /* SettingsSceneDIContainer.swift in Sources */,
				C3142B222C85906300788D0A /* SettingsView.swift in Sources */,
				C37E6BB42C7788EF003F34D9 /* CategoryTab.swift in Sources */,
				C3142B322C871E9E00788D0A /* CurrencyTextField.swift in Sources */,
				C3142B382C87677600788D0A /* CategoryPickerView.swift in Sources */,
				C31626962C80BC9400E55BFB /* TransactionsListItemModel.swift in Sources */,
			);
			runOnlyForDeploymentPostprocessing = 0;
		};
/* End PBXSourcesBuildPhase section */

/* Begin PBXVariantGroup section */
		C30728E42C73269C00C9674B /* LaunchScreen.storyboard */ = {
			isa = PBXVariantGroup;
			children = (
				C30728E52C73269C00C9674B /* Base */,
				C3F693E52C8DED5600BA9D54 /* vi */,
			);
			name = LaunchScreen.storyboard;
			sourceTree = "<group>";
		};
/* End PBXVariantGroup section */

/* Begin XCBuildConfiguration section */
		C30728E82C73269C00C9674B /* Debug */ = {
			isa = XCBuildConfiguration;
			buildSettings = {
				ALWAYS_SEARCH_USER_PATHS = NO;
				ASSETCATALOG_COMPILER_GENERATE_SWIFT_ASSET_SYMBOL_EXTENSIONS = YES;
				CLANG_ANALYZER_LOCALIZABILITY_NONLOCALIZED = YES;
				CLANG_ANALYZER_NONNULL = YES;
				CLANG_ANALYZER_NUMBER_OBJECT_CONVERSION = YES_AGGRESSIVE;
				CLANG_CXX_LANGUAGE_STANDARD = "gnu++20";
				CLANG_ENABLE_MODULES = YES;
				CLANG_ENABLE_OBJC_ARC = YES;
				CLANG_ENABLE_OBJC_WEAK = YES;
				CLANG_WARN_BLOCK_CAPTURE_AUTORELEASING = YES;
				CLANG_WARN_BOOL_CONVERSION = YES;
				CLANG_WARN_COMMA = YES;
				CLANG_WARN_CONSTANT_CONVERSION = YES;
				CLANG_WARN_DEPRECATED_OBJC_IMPLEMENTATIONS = YES;
				CLANG_WARN_DIRECT_OBJC_ISA_USAGE = YES_ERROR;
				CLANG_WARN_DOCUMENTATION_COMMENTS = YES;
				CLANG_WARN_EMPTY_BODY = YES;
				CLANG_WARN_ENUM_CONVERSION = YES;
				CLANG_WARN_INFINITE_RECURSION = YES;
				CLANG_WARN_INT_CONVERSION = YES;
				CLANG_WARN_NON_LITERAL_NULL_CONVERSION = YES;
				CLANG_WARN_OBJC_IMPLICIT_RETAIN_SELF = YES;
				CLANG_WARN_OBJC_LITERAL_CONVERSION = YES;
				CLANG_WARN_OBJC_ROOT_CLASS = YES_ERROR;
				CLANG_WARN_QUOTED_INCLUDE_IN_FRAMEWORK_HEADER = YES;
				CLANG_WARN_RANGE_LOOP_ANALYSIS = YES;
				CLANG_WARN_STRICT_PROTOTYPES = YES;
				CLANG_WARN_SUSPICIOUS_MOVE = YES;
				CLANG_WARN_UNGUARDED_AVAILABILITY = YES_AGGRESSIVE;
				CLANG_WARN_UNREACHABLE_CODE = YES;
				CLANG_WARN__DUPLICATE_METHOD_MATCH = YES;
				COPY_PHASE_STRIP = NO;
				DEBUG_INFORMATION_FORMAT = dwarf;
				ENABLE_STRICT_OBJC_MSGSEND = YES;
				ENABLE_TESTABILITY = YES;
				ENABLE_USER_SCRIPT_SANDBOXING = YES;
				GCC_C_LANGUAGE_STANDARD = gnu17;
				GCC_DYNAMIC_NO_PIC = NO;
				GCC_NO_COMMON_BLOCKS = YES;
				GCC_OPTIMIZATION_LEVEL = 0;
				GCC_PREPROCESSOR_DEFINITIONS = (
					"DEBUG=1",
					"$(inherited)",
				);
				GCC_WARN_64_TO_32_BIT_CONVERSION = YES;
				GCC_WARN_ABOUT_RETURN_TYPE = YES_ERROR;
				GCC_WARN_UNDECLARED_SELECTOR = YES;
				GCC_WARN_UNINITIALIZED_AUTOS = YES_AGGRESSIVE;
				GCC_WARN_UNUSED_FUNCTION = YES;
				GCC_WARN_UNUSED_VARIABLE = YES;
				IPHONEOS_DEPLOYMENT_TARGET = 17.2;
				LOCALIZATION_PREFERS_STRING_CATALOGS = YES;
				MTL_ENABLE_DEBUG_INFO = INCLUDE_SOURCE;
				MTL_FAST_MATH = YES;
				ONLY_ACTIVE_ARCH = YES;
				SDKROOT = iphoneos;
				SWIFT_ACTIVE_COMPILATION_CONDITIONS = "DEBUG $(inherited)";
				SWIFT_OPTIMIZATION_LEVEL = "-Onone";
			};
			name = Debug;
		};
		C30728E92C73269C00C9674B /* Release */ = {
			isa = XCBuildConfiguration;
			buildSettings = {
				ALWAYS_SEARCH_USER_PATHS = NO;
				ASSETCATALOG_COMPILER_GENERATE_SWIFT_ASSET_SYMBOL_EXTENSIONS = YES;
				CLANG_ANALYZER_LOCALIZABILITY_NONLOCALIZED = YES;
				CLANG_ANALYZER_NONNULL = YES;
				CLANG_ANALYZER_NUMBER_OBJECT_CONVERSION = YES_AGGRESSIVE;
				CLANG_CXX_LANGUAGE_STANDARD = "gnu++20";
				CLANG_ENABLE_MODULES = YES;
				CLANG_ENABLE_OBJC_ARC = YES;
				CLANG_ENABLE_OBJC_WEAK = YES;
				CLANG_WARN_BLOCK_CAPTURE_AUTORELEASING = YES;
				CLANG_WARN_BOOL_CONVERSION = YES;
				CLANG_WARN_COMMA = YES;
				CLANG_WARN_CONSTANT_CONVERSION = YES;
				CLANG_WARN_DEPRECATED_OBJC_IMPLEMENTATIONS = YES;
				CLANG_WARN_DIRECT_OBJC_ISA_USAGE = YES_ERROR;
				CLANG_WARN_DOCUMENTATION_COMMENTS = YES;
				CLANG_WARN_EMPTY_BODY = YES;
				CLANG_WARN_ENUM_CONVERSION = YES;
				CLANG_WARN_INFINITE_RECURSION = YES;
				CLANG_WARN_INT_CONVERSION = YES;
				CLANG_WARN_NON_LITERAL_NULL_CONVERSION = YES;
				CLANG_WARN_OBJC_IMPLICIT_RETAIN_SELF = YES;
				CLANG_WARN_OBJC_LITERAL_CONVERSION = YES;
				CLANG_WARN_OBJC_ROOT_CLASS = YES_ERROR;
				CLANG_WARN_QUOTED_INCLUDE_IN_FRAMEWORK_HEADER = YES;
				CLANG_WARN_RANGE_LOOP_ANALYSIS = YES;
				CLANG_WARN_STRICT_PROTOTYPES = YES;
				CLANG_WARN_SUSPICIOUS_MOVE = YES;
				CLANG_WARN_UNGUARDED_AVAILABILITY = YES_AGGRESSIVE;
				CLANG_WARN_UNREACHABLE_CODE = YES;
				CLANG_WARN__DUPLICATE_METHOD_MATCH = YES;
				COPY_PHASE_STRIP = NO;
				DEBUG_INFORMATION_FORMAT = "dwarf-with-dsym";
				ENABLE_NS_ASSERTIONS = NO;
				ENABLE_STRICT_OBJC_MSGSEND = YES;
				ENABLE_USER_SCRIPT_SANDBOXING = YES;
				GCC_C_LANGUAGE_STANDARD = gnu17;
				GCC_NO_COMMON_BLOCKS = YES;
				GCC_WARN_64_TO_32_BIT_CONVERSION = YES;
				GCC_WARN_ABOUT_RETURN_TYPE = YES_ERROR;
				GCC_WARN_UNDECLARED_SELECTOR = YES;
				GCC_WARN_UNINITIALIZED_AUTOS = YES_AGGRESSIVE;
				GCC_WARN_UNUSED_FUNCTION = YES;
				GCC_WARN_UNUSED_VARIABLE = YES;
				IPHONEOS_DEPLOYMENT_TARGET = 17.2;
				LOCALIZATION_PREFERS_STRING_CATALOGS = YES;
				MTL_ENABLE_DEBUG_INFO = NO;
				MTL_FAST_MATH = YES;
				SDKROOT = iphoneos;
				SWIFT_COMPILATION_MODE = wholemodule;
				VALIDATE_PRODUCT = YES;
			};
			name = Release;
		};
		C30728EB2C73269C00C9674B /* Debug */ = {
			isa = XCBuildConfiguration;
			baseConfigurationReference = 22244C9972D270861ED1F353 /* Pods-ZMoney.debug.xcconfig */;
			buildSettings = {
				ASSETCATALOG_COMPILER_APPICON_NAME = AppIcon;
				ASSETCATALOG_COMPILER_GLOBAL_ACCENT_COLOR_NAME = AccentColor;
				CODE_SIGN_STYLE = Automatic;
				CURRENT_PROJECT_VERSION = 1;
				DEVELOPMENT_TEAM = N388Z5FU9K;
				ENABLE_USER_SCRIPT_SANDBOXING = NO;
				GENERATE_INFOPLIST_FILE = YES;
				INFOPLIST_FILE = ZMoney/Resources/Info.plist;
				INFOPLIST_KEY_LSApplicationCategoryType = "public.app-category.finance";
				INFOPLIST_KEY_UIApplicationSupportsIndirectInputEvents = YES;
				INFOPLIST_KEY_UILaunchStoryboardName = LaunchScreen.storyboard;
				INFOPLIST_KEY_UIStatusBarStyle = "";
				INFOPLIST_KEY_UISupportedInterfaceOrientations = UIInterfaceOrientationPortrait;
				IPHONEOS_DEPLOYMENT_TARGET = 15.5;
				LD_RUNPATH_SEARCH_PATHS = (
					"$(inherited)",
					"@executable_path/Frameworks",
				);
				MARKETING_VERSION = 1.0;
				PRODUCT_BUNDLE_IDENTIFIER = chienpm.ZMoney;
				PRODUCT_NAME = "$(TARGET_NAME)";
				SWIFT_EMIT_LOC_STRINGS = YES;
				SWIFT_VERSION = 5.0;
				TARGETED_DEVICE_FAMILY = "1,2";
			};
			name = Debug;
		};
		C30728EC2C73269C00C9674B /* Release */ = {
			isa = XCBuildConfiguration;
			baseConfigurationReference = B6B2D6C74AD13202CE314209 /* Pods-ZMoney.release.xcconfig */;
			buildSettings = {
				ASSETCATALOG_COMPILER_APPICON_NAME = AppIcon;
				ASSETCATALOG_COMPILER_GLOBAL_ACCENT_COLOR_NAME = AccentColor;
				CODE_SIGN_STYLE = Automatic;
				CURRENT_PROJECT_VERSION = 1;
				DEVELOPMENT_TEAM = N388Z5FU9K;
				ENABLE_USER_SCRIPT_SANDBOXING = NO;
				GENERATE_INFOPLIST_FILE = YES;
				INFOPLIST_FILE = ZMoney/Resources/Info.plist;
				INFOPLIST_KEY_LSApplicationCategoryType = "public.app-category.finance";
				INFOPLIST_KEY_UIApplicationSupportsIndirectInputEvents = YES;
				INFOPLIST_KEY_UILaunchStoryboardName = LaunchScreen.storyboard;
				INFOPLIST_KEY_UIStatusBarStyle = "";
				INFOPLIST_KEY_UISupportedInterfaceOrientations = UIInterfaceOrientationPortrait;
				IPHONEOS_DEPLOYMENT_TARGET = 15.5;
				LD_RUNPATH_SEARCH_PATHS = (
					"$(inherited)",
					"@executable_path/Frameworks",
				);
				MARKETING_VERSION = 1.0;
				PRODUCT_BUNDLE_IDENTIFIER = chienpm.ZMoney;
				PRODUCT_NAME = "$(TARGET_NAME)";
				SWIFT_EMIT_LOC_STRINGS = YES;
				SWIFT_VERSION = 5.0;
				TARGETED_DEVICE_FAMILY = "1,2";
			};
			name = Release;
		};
/* End XCBuildConfiguration section */

/* Begin XCConfigurationList section */
		C30728D12C73269B00C9674B /* Build configuration list for PBXProject "ZMoney" */ = {
			isa = XCConfigurationList;
			buildConfigurations = (
				C30728E82C73269C00C9674B /* Debug */,
				C30728E92C73269C00C9674B /* Release */,
			);
			defaultConfigurationIsVisible = 0;
			defaultConfigurationName = Release;
		};
		C30728EA2C73269C00C9674B /* Build configuration list for PBXNativeTarget "ZMoney" */ = {
			isa = XCConfigurationList;
			buildConfigurations = (
				C30728EB2C73269C00C9674B /* Debug */,
				C30728EC2C73269C00C9674B /* Release */,
			);
			defaultConfigurationIsVisible = 0;
			defaultConfigurationName = Release;
		};
/* End XCConfigurationList section */
	};
	rootObject = C30728CE2C73269B00C9674B /* Project object */;
}
