// !$*UTF8*$!
{
	archiveVersion = 1;
	classes = {
	};
	objectVersion = 56;
	objects = {

/* Begin PBXBuildFile section */
		C30728DA2C73269B00C9674B /* AppDelegate.swift in Sources */ = {isa = PBXBuildFile; fileRef = C30728D92C73269B00C9674B /* AppDelegate.swift */; };
		C30728DC2C73269B00C9674B /* SceneDelegate.swift in Sources */ = {isa = PBXBuildFile; fileRef = C30728DB2C73269B00C9674B /* SceneDelegate.swift */; };
		C30728E32C73269C00C9674B /* Assets.xcassets in Resources */ = {isa = PBXBuildFile; fileRef = C30728E22C73269C00C9674B /* Assets.xcassets */; };
		C30728E62C73269C00C9674B /* LaunchScreen.storyboard in Resources */ = {isa = PBXBuildFile; fileRef = C30728E42C73269C00C9674B /* LaunchScreen.storyboard */; };
		C30729262C73914C00C9674B /* AppDIContainer.swift in Sources */ = {isa = PBXBuildFile; fileRef = C30729252C73914C00C9674B /* AppDIContainer.swift */; };
		C30729282C73918700C9674B /* AppConfiguration.swift in Sources */ = {isa = PBXBuildFile; fileRef = C30729272C73918700C9674B /* AppConfiguration.swift */; };
		C307292A2C7391FE00C9674B /* AppFlowCoordinator.swift in Sources */ = {isa = PBXBuildFile; fileRef = C30729292C7391FE00C9674B /* AppFlowCoordinator.swift */; };
		C307292C2C7392B000C9674B /* TransCategoriesSceneDIContainer.swift in Sources */ = {isa = PBXBuildFile; fileRef = C307292B2C7392B000C9674B /* TransCategoriesSceneDIContainer.swift */; };
		C35AE4872C74ED1E00400DD7 /* TransCategoriesListView.swift in Sources */ = {isa = PBXBuildFile; fileRef = C35AE4862C74ED1E00400DD7 /* TransCategoriesListView.swift */; };
		C35AE48B2C74EDF900400DD7 /* TransCategoriesFlowCoordinator.swift in Sources */ = {isa = PBXBuildFile; fileRef = C35AE48A2C74EDF900400DD7 /* TransCategoriesFlowCoordinator.swift */; };
		C3AE5B6E2C76F12600865A54 /* TransCategoriesListViewModel.swift in Sources */ = {isa = PBXBuildFile; fileRef = C3AE5B6D2C76F12600865A54 /* TransCategoriesListViewModel.swift */; };
		C3AE5B702C76F3A200865A54 /* TransCategoriesListItemViewModel.swift in Sources */ = {isa = PBXBuildFile; fileRef = C3AE5B6F2C76F3A200865A54 /* TransCategoriesListItemViewModel.swift */; };
		C3AE5B732C770BC100865A54 /* RightArrowModifier.swift in Sources */ = {isa = PBXBuildFile; fileRef = C3AE5B722C770BC100865A54 /* RightArrowModifier.swift */; };
		C3AE5B762C770EBB00865A54 /* Color+Extensions.swift in Sources */ = {isa = PBXBuildFile; fileRef = C3AE5B752C770EBB00865A54 /* Color+Extensions.swift */; };
		C51706D8304E868847A947DA /* Pods_ZMoney.framework in Frameworks */ = {isa = PBXBuildFile; fileRef = 139DC1D2EB0C97DF21D68110 /* Pods_ZMoney.framework */; };
/* End PBXBuildFile section */

/* Begin PBXFileReference section */
		139DC1D2EB0C97DF21D68110 /* Pods_ZMoney.framework */ = {isa = PBXFileReference; explicitFileType = wrapper.framework; includeInIndex = 0; path = Pods_ZMoney.framework; sourceTree = BUILT_PRODUCTS_DIR; };
		22244C9972D270861ED1F353 /* Pods-ZMoney.debug.xcconfig */ = {isa = PBXFileReference; includeInIndex = 1; lastKnownFileType = text.xcconfig; name = "Pods-ZMoney.debug.xcconfig"; path = "Target Support Files/Pods-ZMoney/Pods-ZMoney.debug.xcconfig"; sourceTree = "<group>"; };
		B6B2D6C74AD13202CE314209 /* Pods-ZMoney.release.xcconfig */ = {isa = PBXFileReference; includeInIndex = 1; lastKnownFileType = text.xcconfig; name = "Pods-ZMoney.release.xcconfig"; path = "Target Support Files/Pods-ZMoney/Pods-ZMoney.release.xcconfig"; sourceTree = "<group>"; };
		C30728D62C73269B00C9674B /* ZMoney.app */ = {isa = PBXFileReference; explicitFileType = wrapper.application; includeInIndex = 0; path = ZMoney.app; sourceTree = BUILT_PRODUCTS_DIR; };
		C30728D92C73269B00C9674B /* AppDelegate.swift */ = {isa = PBXFileReference; lastKnownFileType = sourcecode.swift; path = AppDelegate.swift; sourceTree = "<group>"; };
		C30728DB2C73269B00C9674B /* SceneDelegate.swift */ = {isa = PBXFileReference; lastKnownFileType = sourcecode.swift; path = SceneDelegate.swift; sourceTree = "<group>"; };
		C30728E22C73269C00C9674B /* Assets.xcassets */ = {isa = PBXFileReference; lastKnownFileType = folder.assetcatalog; path = Assets.xcassets; sourceTree = "<group>"; };
		C30728E52C73269C00C9674B /* Base */ = {isa = PBXFileReference; lastKnownFileType = file.storyboard; name = Base; path = Base.lproj/LaunchScreen.storyboard; sourceTree = "<group>"; };
		C30728E72C73269C00C9674B /* Info.plist */ = {isa = PBXFileReference; lastKnownFileType = text.plist.xml; path = Info.plist; sourceTree = "<group>"; };
		C30729252C73914C00C9674B /* AppDIContainer.swift */ = {isa = PBXFileReference; lastKnownFileType = sourcecode.swift; path = AppDIContainer.swift; sourceTree = "<group>"; };
		C30729272C73918700C9674B /* AppConfiguration.swift */ = {isa = PBXFileReference; lastKnownFileType = sourcecode.swift; path = AppConfiguration.swift; sourceTree = "<group>"; };
		C30729292C7391FE00C9674B /* AppFlowCoordinator.swift */ = {isa = PBXFileReference; lastKnownFileType = sourcecode.swift; path = AppFlowCoordinator.swift; sourceTree = "<group>"; };
		C307292B2C7392B000C9674B /* TransCategoriesSceneDIContainer.swift */ = {isa = PBXFileReference; lastKnownFileType = sourcecode.swift; path = TransCategoriesSceneDIContainer.swift; sourceTree = "<group>"; };
		C35AE4862C74ED1E00400DD7 /* TransCategoriesListView.swift */ = {isa = PBXFileReference; fileEncoding = 4; lastKnownFileType = sourcecode.swift; path = TransCategoriesListView.swift; sourceTree = "<group>"; };
		C35AE48A2C74EDF900400DD7 /* TransCategoriesFlowCoordinator.swift */ = {isa = PBXFileReference; fileEncoding = 4; lastKnownFileType = sourcecode.swift; name = TransCategoriesFlowCoordinator.swift; path = ZMoney/Application/DIContainer/TransCategoriesFlowCoordinator.swift; sourceTree = SOURCE_ROOT; };
		C3AE5B6D2C76F12600865A54 /* TransCategoriesListViewModel.swift */ = {isa = PBXFileReference; lastKnownFileType = sourcecode.swift; path = TransCategoriesListViewModel.swift; sourceTree = "<group>"; };
		C3AE5B6F2C76F3A200865A54 /* TransCategoriesListItemViewModel.swift */ = {isa = PBXFileReference; lastKnownFileType = sourcecode.swift; path = TransCategoriesListItemViewModel.swift; sourceTree = "<group>"; };
		C3AE5B722C770BC100865A54 /* RightArrowModifier.swift */ = {isa = PBXFileReference; lastKnownFileType = sourcecode.swift; path = RightArrowModifier.swift; sourceTree = "<group>"; };
		C3AE5B752C770EBB00865A54 /* Color+Extensions.swift */ = {isa = PBXFileReference; lastKnownFileType = sourcecode.swift; path = "Color+Extensions.swift"; sourceTree = "<group>"; };
/* End PBXFileReference section */

/* Begin PBXFrameworksBuildPhase section */
		C30728D32C73269B00C9674B /* Frameworks */ = {
			isa = PBXFrameworksBuildPhase;
			buildActionMask = 2147483647;
			files = (
				C51706D8304E868847A947DA /* Pods_ZMoney.framework in Frameworks */,
			);
			runOnlyForDeploymentPostprocessing = 0;
		};
/* End PBXFrameworksBuildPhase section */

/* Begin PBXGroup section */
		0B3F27797A40E5C843C487F6 /* Frameworks */ = {
			isa = PBXGroup;
			children = (
				139DC1D2EB0C97DF21D68110 /* Pods_ZMoney.framework */,
			);
			name = Frameworks;
			sourceTree = "<group>";
		};
		61E3953D5AE6F4221DCCF7A7 /* Pods */ = {
			isa = PBXGroup;
			children = (
				22244C9972D270861ED1F353 /* Pods-ZMoney.debug.xcconfig */,
				B6B2D6C74AD13202CE314209 /* Pods-ZMoney.release.xcconfig */,
			);
			path = Pods;
			sourceTree = "<group>";
		};
		C30728CD2C73269B00C9674B = {
			isa = PBXGroup;
			children = (
				C30728D82C73269B00C9674B /* ZMoney */,
				C30728D72C73269B00C9674B /* Products */,
				61E3953D5AE6F4221DCCF7A7 /* Pods */,
				0B3F27797A40E5C843C487F6 /* Frameworks */,
			);
			sourceTree = "<group>";
		};
		C30728D72C73269B00C9674B /* Products */ = {
			isa = PBXGroup;
			children = (
				C30728D62C73269B00C9674B /* ZMoney.app */,
			);
			name = Products;
			sourceTree = "<group>";
		};
		C30728D82C73269B00C9674B /* ZMoney */ = {
			isa = PBXGroup;
			children = (
				C30728EE2C7330CE00C9674B /* Application */,
				C30728EF2C7330E500C9674B /* Resources */,
				C391528D2C74AECD008AE1E4 /* Presentation */,
			);
			path = ZMoney;
			sourceTree = "<group>";
		};
		C30728EE2C7330CE00C9674B /* Application */ = {
			isa = PBXGroup;
			children = (
				C30729242C73913B00C9674B /* DIContainer */,
				C30728D92C73269B00C9674B /* AppDelegate.swift */,
				C30728DB2C73269B00C9674B /* SceneDelegate.swift */,
				C30729272C73918700C9674B /* AppConfiguration.swift */,
				C30729292C7391FE00C9674B /* AppFlowCoordinator.swift */,
			);
			path = Application;
			sourceTree = "<group>";
		};
		C30728EF2C7330E500C9674B /* Resources */ = {
			isa = PBXGroup;
			children = (
				C30728E72C73269C00C9674B /* Info.plist */,
				C30728E22C73269C00C9674B /* Assets.xcassets */,
				C30728E42C73269C00C9674B /* LaunchScreen.storyboard */,
			);
			path = Resources;
			sourceTree = "<group>";
		};
		C30729242C73913B00C9674B /* DIContainer */ = {
			isa = PBXGroup;
			children = (
				C30729252C73914C00C9674B /* AppDIContainer.swift */,
				C307292B2C7392B000C9674B /* TransCategoriesSceneDIContainer.swift */,
			);
			path = DIContainer;
			sourceTree = "<group>";
		};
		C35AE4852C74ED1E00400DD7 /* TransCategoriesList */ = {
			isa = PBXGroup;
			children = (
				C35AE4862C74ED1E00400DD7 /* TransCategoriesListView.swift */,
				C35AE48A2C74EDF900400DD7 /* TransCategoriesFlowCoordinator.swift */,
				C3AE5B6D2C76F12600865A54 /* TransCategoriesListViewModel.swift */,
				C3AE5B6F2C76F3A200865A54 /* TransCategoriesListItemViewModel.swift */,
			);
			path = TransCategoriesList;
			sourceTree = "<group>";
		};
		C391528D2C74AECD008AE1E4 /* Presentation */ = {
			isa = PBXGroup;
			children = (
				C3AE5B742C770EA600865A54 /* Extensions */,
				C3AE5B712C770B2A00865A54 /* SharedComponents */,
				C35AE4852C74ED1E00400DD7 /* TransCategoriesList */,
			);
			path = Presentation;
			sourceTree = "<group>";
		};
		C3AE5B712C770B2A00865A54 /* SharedComponents */ = {
			isa = PBXGroup;
			children = (
				C3AE5B722C770BC100865A54 /* RightArrowModifier.swift */,
			);
			path = SharedComponents;
			sourceTree = "<group>";
		};
		C3AE5B742C770EA600865A54 /* Extensions */ = {
			isa = PBXGroup;
			children = (
				C3AE5B752C770EBB00865A54 /* Color+Extensions.swift */,
			);
			path = Extensions;
			sourceTree = "<group>";
		};
/* End PBXGroup section */

/* Begin PBXNativeTarget section */
		C30728D52C73269B00C9674B /* ZMoney */ = {
			isa = PBXNativeTarget;
			buildConfigurationList = C30728EA2C73269C00C9674B /* Build configuration list for PBXNativeTarget "ZMoney" */;
			buildPhases = (
				55368F32BEF828B0E41C6FCC /* [CP] Check Pods Manifest.lock */,
				C30728D22C73269B00C9674B /* Sources */,
				C30728D32C73269B00C9674B /* Frameworks */,
				C30728D42C73269B00C9674B /* Resources */,
				C30728ED2C732EB900C9674B /* Run Script */,
				BA946D5B4A1EA5F906B0954C /* [CP] Embed Pods Frameworks */,
			);
			buildRules = (
			);
			dependencies = (
			);
			name = ZMoney;
			productName = ZMoney;
			productReference = C30728D62C73269B00C9674B /* ZMoney.app */;
			productType = "com.apple.product-type.application";
		};
/* End PBXNativeTarget section */

/* Begin PBXProject section */
		C30728CE2C73269B00C9674B /* Project object */ = {
			isa = PBXProject;
			attributes = {
				BuildIndependentTargetsInParallel = 1;
				LastSwiftUpdateCheck = 1520;
				LastUpgradeCheck = 1520;
				TargetAttributes = {
					C30728D52C73269B00C9674B = {
						CreatedOnToolsVersion = 15.2;
					};
				};
			};
			buildConfigurationList = C30728D12C73269B00C9674B /* Build configuration list for PBXProject "ZMoney" */;
			compatibilityVersion = "Xcode 14.0";
			developmentRegion = en;
			hasScannedForEncodings = 0;
			knownRegions = (
				en,
				Base,
			);
			mainGroup = C30728CD2C73269B00C9674B;
			productRefGroup = C30728D72C73269B00C9674B /* Products */;
			projectDirPath = "";
			projectRoot = "";
			targets = (
				C30728D52C73269B00C9674B /* ZMoney */,
			);
		};
/* End PBXProject section */

/* Begin PBXResourcesBuildPhase section */
		C30728D42C73269B00C9674B /* Resources */ = {
			isa = PBXResourcesBuildPhase;
			buildActionMask = 2147483647;
			files = (
				C30728E62C73269C00C9674B /* LaunchScreen.storyboard in Resources */,
				C30728E32C73269C00C9674B /* Assets.xcassets in Resources */,
			);
			runOnlyForDeploymentPostprocessing = 0;
		};
/* End PBXResourcesBuildPhase section */

/* Begin PBXShellScriptBuildPhase section */
		55368F32BEF828B0E41C6FCC /* [CP] Check Pods Manifest.lock */ = {
			isa = PBXShellScriptBuildPhase;
			buildActionMask = 2147483647;
			files = (
			);
			inputFileListPaths = (
			);
			inputPaths = (
				"${PODS_PODFILE_DIR_PATH}/Podfile.lock",
				"${PODS_ROOT}/Manifest.lock",
			);
			name = "[CP] Check Pods Manifest.lock";
			outputFileListPaths = (
			);
			outputPaths = (
				"$(DERIVED_FILE_DIR)/Pods-ZMoney-checkManifestLockResult.txt",
			);
			runOnlyForDeploymentPostprocessing = 0;
			shellPath = /bin/sh;
			shellScript = "diff \"${PODS_PODFILE_DIR_PATH}/Podfile.lock\" \"${PODS_ROOT}/Manifest.lock\" > /dev/null\nif [ $? != 0 ] ; then\n    # print error to STDERR\n    echo \"error: The sandbox is not in sync with the Podfile.lock. Run 'pod install' or update your CocoaPods installation.\" >&2\n    exit 1\nfi\n# This output is used by Xcode 'outputs' to avoid re-running this script phase.\necho \"SUCCESS\" > \"${SCRIPT_OUTPUT_FILE_0}\"\n";
			showEnvVarsInLog = 0;
		};
		BA946D5B4A1EA5F906B0954C /* [CP] Embed Pods Frameworks */ = {
			isa = PBXShellScriptBuildPhase;
			buildActionMask = 2147483647;
			files = (
			);
			inputFileListPaths = (
				"${PODS_ROOT}/Target Support Files/Pods-ZMoney/Pods-ZMoney-frameworks-${CONFIGURATION}-input-files.xcfilelist",
			);
			name = "[CP] Embed Pods Frameworks";
			outputFileListPaths = (
				"${PODS_ROOT}/Target Support Files/Pods-ZMoney/Pods-ZMoney-frameworks-${CONFIGURATION}-output-files.xcfilelist",
			);
			runOnlyForDeploymentPostprocessing = 0;
			shellPath = /bin/sh;
			shellScript = "\"${PODS_ROOT}/Target Support Files/Pods-ZMoney/Pods-ZMoney-frameworks.sh\"\n";
			showEnvVarsInLog = 0;
		};
		C30728ED2C732EB900C9674B /* Run Script */ = {
			isa = PBXShellScriptBuildPhase;
			buildActionMask = 2147483647;
			files = (
			);
			inputFileListPaths = (
			);
			inputPaths = (
			);
			name = "Run Script";
			outputFileListPaths = (
			);
			outputPaths = (
			);
			runOnlyForDeploymentPostprocessing = 0;
			shellPath = /bin/sh;
			shellScript = "if [[ \"$(uname -m)\" == arm64 ]]; then\n    export PATH=\"/opt/homebrew/bin:$PATH\"\nfi\n\nif which swiftlint > /dev/null; then\n  swiftlint\nelse\n  echo \"warning: SwiftLint not installed, download from https://github.com/realm/SwiftLint\"\nfi\n";
		};
/* End PBXShellScriptBuildPhase section */

/* Begin PBXSourcesBuildPhase section */
		C30728D22C73269B00C9674B /* Sources */ = {
			isa = PBXSourcesBuildPhase;
			buildActionMask = 2147483647;
			files = (
				C3AE5B732C770BC100865A54 /* RightArrowModifier.swift in Sources */,
				C35AE48B2C74EDF900400DD7 /* TransCategoriesFlowCoordinator.swift in Sources */,
				C30729262C73914C00C9674B /* AppDIContainer.swift in Sources */,
				C30729282C73918700C9674B /* AppConfiguration.swift in Sources */,
				C3AE5B6E2C76F12600865A54 /* TransCategoriesListViewModel.swift in Sources */,
				C3AE5B702C76F3A200865A54 /* TransCategoriesListItemViewModel.swift in Sources */,
				C35AE4872C74ED1E00400DD7 /* TransCategoriesListView.swift in Sources */,
				C307292C2C7392B000C9674B /* TransCategoriesSceneDIContainer.swift in Sources */,
				C30728DA2C73269B00C9674B /* AppDelegate.swift in Sources */,
				C307292A2C7391FE00C9674B /* AppFlowCoordinator.swift in Sources */,
				C30728DC2C73269B00C9674B /* SceneDelegate.swift in Sources */,
				C3AE5B762C770EBB00865A54 /* Color+Extensions.swift in Sources */,
			);
			runOnlyForDeploymentPostprocessing = 0;
		};
/* End PBXSourcesBuildPhase section */

/* Begin PBXVariantGroup section */
		C30728E42C73269C00C9674B /* LaunchScreen.storyboard */ = {
			isa = PBXVariantGroup;
			children = (
				C30728E52C73269C00C9674B /* Base */,
			);
			name = LaunchScreen.storyboard;
			sourceTree = "<group>";
		};
/* End PBXVariantGroup section */

/* Begin XCBuildConfiguration section */
		C30728E82C73269C00C9674B /* Debug */ = {
			isa = XCBuildConfiguration;
			buildSettings = {
				ALWAYS_SEARCH_USER_PATHS = NO;
				ASSETCATALOG_COMPILER_GENERATE_SWIFT_ASSET_SYMBOL_EXTENSIONS = YES;
				CLANG_ANALYZER_NONNULL = YES;
				CLANG_ANALYZER_NUMBER_OBJECT_CONVERSION = YES_AGGRESSIVE;
				CLANG_CXX_LANGUAGE_STANDARD = "gnu++20";
				CLANG_ENABLE_MODULES = YES;
				CLANG_ENABLE_OBJC_ARC = YES;
				CLANG_ENABLE_OBJC_WEAK = YES;
				CLANG_WARN_BLOCK_CAPTURE_AUTORELEASING = YES;
				CLANG_WARN_BOOL_CONVERSION = YES;
				CLANG_WARN_COMMA = YES;
				CLANG_WARN_CONSTANT_CONVERSION = YES;
				CLANG_WARN_DEPRECATED_OBJC_IMPLEMENTATIONS = YES;
				CLANG_WARN_DIRECT_OBJC_ISA_USAGE = YES_ERROR;
				CLANG_WARN_DOCUMENTATION_COMMENTS = YES;
				CLANG_WARN_EMPTY_BODY = YES;
				CLANG_WARN_ENUM_CONVERSION = YES;
				CLANG_WARN_INFINITE_RECURSION = YES;
				CLANG_WARN_INT_CONVERSION = YES;
				CLANG_WARN_NON_LITERAL_NULL_CONVERSION = YES;
				CLANG_WARN_OBJC_IMPLICIT_RETAIN_SELF = YES;
				CLANG_WARN_OBJC_LITERAL_CONVERSION = YES;
				CLANG_WARN_OBJC_ROOT_CLASS = YES_ERROR;
				CLANG_WARN_QUOTED_INCLUDE_IN_FRAMEWORK_HEADER = YES;
				CLANG_WARN_RANGE_LOOP_ANALYSIS = YES;
				CLANG_WARN_STRICT_PROTOTYPES = YES;
				CLANG_WARN_SUSPICIOUS_MOVE = YES;
				CLANG_WARN_UNGUARDED_AVAILABILITY = YES_AGGRESSIVE;
				CLANG_WARN_UNREACHABLE_CODE = YES;
				CLANG_WARN__DUPLICATE_METHOD_MATCH = YES;
				COPY_PHASE_STRIP = NO;
				DEBUG_INFORMATION_FORMAT = dwarf;
				ENABLE_STRICT_OBJC_MSGSEND = YES;
				ENABLE_TESTABILITY = YES;
				ENABLE_USER_SCRIPT_SANDBOXING = YES;
				GCC_C_LANGUAGE_STANDARD = gnu17;
				GCC_DYNAMIC_NO_PIC = NO;
				GCC_NO_COMMON_BLOCKS = YES;
				GCC_OPTIMIZATION_LEVEL = 0;
				GCC_PREPROCESSOR_DEFINITIONS = (
					"DEBUG=1",
					"$(inherited)",
				);
				GCC_WARN_64_TO_32_BIT_CONVERSION = YES;
				GCC_WARN_ABOUT_RETURN_TYPE = YES_ERROR;
				GCC_WARN_UNDECLARED_SELECTOR = YES;
				GCC_WARN_UNINITIALIZED_AUTOS = YES_AGGRESSIVE;
				GCC_WARN_UNUSED_FUNCTION = YES;
				GCC_WARN_UNUSED_VARIABLE = YES;
				IPHONEOS_DEPLOYMENT_TARGET = 17.2;
				LOCALIZATION_PREFERS_STRING_CATALOGS = YES;
				MTL_ENABLE_DEBUG_INFO = INCLUDE_SOURCE;
				MTL_FAST_MATH = YES;
				ONLY_ACTIVE_ARCH = YES;
				SDKROOT = iphoneos;
				SWIFT_ACTIVE_COMPILATION_CONDITIONS = "DEBUG $(inherited)";
				SWIFT_OPTIMIZATION_LEVEL = "-Onone";
			};
			name = Debug;
		};
		C30728E92C73269C00C9674B /* Release */ = {
			isa = XCBuildConfiguration;
			buildSettings = {
				ALWAYS_SEARCH_USER_PATHS = NO;
				ASSETCATALOG_COMPILER_GENERATE_SWIFT_ASSET_SYMBOL_EXTENSIONS = YES;
				CLANG_ANALYZER_NONNULL = YES;
				CLANG_ANALYZER_NUMBER_OBJECT_CONVERSION = YES_AGGRESSIVE;
				CLANG_CXX_LANGUAGE_STANDARD = "gnu++20";
				CLANG_ENABLE_MODULES = YES;
				CLANG_ENABLE_OBJC_ARC = YES;
				CLANG_ENABLE_OBJC_WEAK = YES;
				CLANG_WARN_BLOCK_CAPTURE_AUTORELEASING = YES;
				CLANG_WARN_BOOL_CONVERSION = YES;
				CLANG_WARN_COMMA = YES;
				CLANG_WARN_CONSTANT_CONVERSION = YES;
				CLANG_WARN_DEPRECATED_OBJC_IMPLEMENTATIONS = YES;
				CLANG_WARN_DIRECT_OBJC_ISA_USAGE = YES_ERROR;
				CLANG_WARN_DOCUMENTATION_COMMENTS = YES;
				CLANG_WARN_EMPTY_BODY = YES;
				CLANG_WARN_ENUM_CONVERSION = YES;
				CLANG_WARN_INFINITE_RECURSION = YES;
				CLANG_WARN_INT_CONVERSION = YES;
				CLANG_WARN_NON_LITERAL_NULL_CONVERSION = YES;
				CLANG_WARN_OBJC_IMPLICIT_RETAIN_SELF = YES;
				CLANG_WARN_OBJC_LITERAL_CONVERSION = YES;
				CLANG_WARN_OBJC_ROOT_CLASS = YES_ERROR;
				CLANG_WARN_QUOTED_INCLUDE_IN_FRAMEWORK_HEADER = YES;
				CLANG_WARN_RANGE_LOOP_ANALYSIS = YES;
				CLANG_WARN_STRICT_PROTOTYPES = YES;
				CLANG_WARN_SUSPICIOUS_MOVE = YES;
				CLANG_WARN_UNGUARDED_AVAILABILITY = YES_AGGRESSIVE;
				CLANG_WARN_UNREACHABLE_CODE = YES;
				CLANG_WARN__DUPLICATE_METHOD_MATCH = YES;
				COPY_PHASE_STRIP = NO;
				DEBUG_INFORMATION_FORMAT = "dwarf-with-dsym";
				ENABLE_NS_ASSERTIONS = NO;
				ENABLE_STRICT_OBJC_MSGSEND = YES;
				ENABLE_USER_SCRIPT_SANDBOXING = YES;
				GCC_C_LANGUAGE_STANDARD = gnu17;
				GCC_NO_COMMON_BLOCKS = YES;
				GCC_WARN_64_TO_32_BIT_CONVERSION = YES;
				GCC_WARN_ABOUT_RETURN_TYPE = YES_ERROR;
				GCC_WARN_UNDECLARED_SELECTOR = YES;
				GCC_WARN_UNINITIALIZED_AUTOS = YES_AGGRESSIVE;
				GCC_WARN_UNUSED_FUNCTION = YES;
				GCC_WARN_UNUSED_VARIABLE = YES;
				IPHONEOS_DEPLOYMENT_TARGET = 17.2;
				LOCALIZATION_PREFERS_STRING_CATALOGS = YES;
				MTL_ENABLE_DEBUG_INFO = NO;
				MTL_FAST_MATH = YES;
				SDKROOT = iphoneos;
				SWIFT_COMPILATION_MODE = wholemodule;
				VALIDATE_PRODUCT = YES;
			};
			name = Release;
		};
		C30728EB2C73269C00C9674B /* Debug */ = {
			isa = XCBuildConfiguration;
			baseConfigurationReference = 22244C9972D270861ED1F353 /* Pods-ZMoney.debug.xcconfig */;
			buildSettings = {
				ASSETCATALOG_COMPILER_APPICON_NAME = AppIcon;
				ASSETCATALOG_COMPILER_GLOBAL_ACCENT_COLOR_NAME = AccentColor;
				CODE_SIGN_STYLE = Automatic;
				CURRENT_PROJECT_VERSION = 1;
				DEVELOPMENT_TEAM = N388Z5FU9K;
				ENABLE_USER_SCRIPT_SANDBOXING = NO;
				GENERATE_INFOPLIST_FILE = YES;
				INFOPLIST_FILE = ZMoney/Resources/Info.plist;
				INFOPLIST_KEY_LSApplicationCategoryType = "public.app-category.finance";
				INFOPLIST_KEY_UIApplicationSupportsIndirectInputEvents = YES;
				INFOPLIST_KEY_UILaunchStoryboardName = LaunchScreen.storyboard;
				INFOPLIST_KEY_UIStatusBarStyle = "";
				INFOPLIST_KEY_UISupportedInterfaceOrientations = UIInterfaceOrientationPortrait;
				IPHONEOS_DEPLOYMENT_TARGET = 15.5;
				LD_RUNPATH_SEARCH_PATHS = (
					"$(inherited)",
					"@executable_path/Frameworks",
				);
				MARKETING_VERSION = 1.0;
				PRODUCT_BUNDLE_IDENTIFIER = chienpm.ZMoney;
				PRODUCT_NAME = "$(TARGET_NAME)";
				SWIFT_EMIT_LOC_STRINGS = YES;
				SWIFT_VERSION = 5.0;
				TARGETED_DEVICE_FAMILY = "1,2";
			};
			name = Debug;
		};
		C30728EC2C73269C00C9674B /* Release */ = {
			isa = XCBuildConfiguration;
			baseConfigurationReference = B6B2D6C74AD13202CE314209 /* Pods-ZMoney.release.xcconfig */;
			buildSettings = {
				ASSETCATALOG_COMPILER_APPICON_NAME = AppIcon;
				ASSETCATALOG_COMPILER_GLOBAL_ACCENT_COLOR_NAME = AccentColor;
				CODE_SIGN_STYLE = Automatic;
				CURRENT_PROJECT_VERSION = 1;
				DEVELOPMENT_TEAM = N388Z5FU9K;
				ENABLE_USER_SCRIPT_SANDBOXING = NO;
				GENERATE_INFOPLIST_FILE = YES;
				INFOPLIST_FILE = ZMoney/Resources/Info.plist;
				INFOPLIST_KEY_LSApplicationCategoryType = "public.app-category.finance";
				INFOPLIST_KEY_UIApplicationSupportsIndirectInputEvents = YES;
				INFOPLIST_KEY_UILaunchStoryboardName = LaunchScreen.storyboard;
				INFOPLIST_KEY_UIStatusBarStyle = "";
				INFOPLIST_KEY_UISupportedInterfaceOrientations = UIInterfaceOrientationPortrait;
				IPHONEOS_DEPLOYMENT_TARGET = 15.5;
				LD_RUNPATH_SEARCH_PATHS = (
					"$(inherited)",
					"@executable_path/Frameworks",
				);
				MARKETING_VERSION = 1.0;
				PRODUCT_BUNDLE_IDENTIFIER = chienpm.ZMoney;
				PRODUCT_NAME = "$(TARGET_NAME)";
				SWIFT_EMIT_LOC_STRINGS = YES;
				SWIFT_VERSION = 5.0;
				TARGETED_DEVICE_FAMILY = "1,2";
			};
			name = Release;
		};
/* End XCBuildConfiguration section */

/* Begin XCConfigurationList section */
		C30728D12C73269B00C9674B /* Build configuration list for PBXProject "ZMoney" */ = {
			isa = XCConfigurationList;
			buildConfigurations = (
				C30728E82C73269C00C9674B /* Debug */,
				C30728E92C73269C00C9674B /* Release */,
			);
			defaultConfigurationIsVisible = 0;
			defaultConfigurationName = Release;
		};
		C30728EA2C73269C00C9674B /* Build configuration list for PBXNativeTarget "ZMoney" */ = {
			isa = XCConfigurationList;
			buildConfigurations = (
				C30728EB2C73269C00C9674B /* Debug */,
				C30728EC2C73269C00C9674B /* Release */,
			);
			defaultConfigurationIsVisible = 0;
			defaultConfigurationName = Release;
		};
/* End XCConfigurationList section */
	};
	rootObject = C30728CE2C73269B00C9674B /* Project object */;
}
